{
  "object": {
    "pins": [
      {
        "package": "hexdreamsCocoa",
        "repositoryURL": "https://github.com/hexdreamer/hexdreamsCocoa.git",
        "state": {
          "branch": "trunk",
          "revision": "03552eadaeef31fa6ae2c633c5cba98bdcb86536",
          "version": null
        }
      }
    ]
  },
  "version": 1
}
