// !$*UTF8*$!
{
	archiveVersion = 1;
	classes = {
	};
	objectVersion = 50;
	objects = {

/* Begin PBXBuildFile section */
		F4F4DE3E25B8E0970062BB04 /* iOCR_iOSApp.swift in Sources */ = {isa = PBXBuildFile; fileRef = F4F4DE3D25B8E0970062BB04 /* iOCR_iOSApp.swift */; };
		F4F4DE4025B8E0970062BB04 /* ContentView.swift in Sources */ = {isa = PBXBuildFile; fileRef = F4F4DE3F25B8E0970062BB04 /* ContentView.swift */; };
		F4F4DE4225B8E0970062BB04 /* Assets.xcassets in Resources */ = {isa = PBXBuildFile; fileRef = F4F4DE4125B8E0970062BB04 /* Assets.xcassets */; };
		F4F4DE4525B8E0970062BB04 /* Preview Assets.xcassets in Resources */ = {isa = PBXBuildFile; fileRef = F4F4DE4425B8E0970062BB04 /* Preview Assets.xcassets */; };
		F4F4DE5025B8E0970062BB04 /* iOCR_iOSTests.swift in Sources */ = {isa = PBXBuildFile; fileRef = F4F4DE4F25B8E0970062BB04 /* iOCR_iOSTests.swift */; };
		F4F4DE5B25B8E0970062BB04 /* iOCR_iOSUITests.swift in Sources */ = {isa = PBXBuildFile; fileRef = F4F4DE5A25B8E0970062BB04 /* iOCR_iOSUITests.swift */; };
/* End PBXBuildFile section */

/* Begin PBXContainerItemProxy section */
		F4F4DE4C25B8E0970062BB04 /* PBXContainerItemProxy */ = {
			isa = PBXContainerItemProxy;
			containerPortal = F4F4DE3225B8E0970062BB04 /* Project object */;
			proxyType = 1;
			remoteGlobalIDString = F4F4DE3925B8E0970062BB04;
			remoteInfo = "iOCR-iOS";
		};
		F4F4DE5725B8E0970062BB04 /* PBXContainerItemProxy */ = {
			isa = PBXContainerItemProxy;
			containerPortal = F4F4DE3225B8E0970062BB04 /* Project object */;
			proxyType = 1;
			remoteGlobalIDString = F4F4DE3925B8E0970062BB04;
			remoteInfo = "iOCR-iOS";
		};
/* End PBXContainerItemProxy section */

/* Begin PBXFileReference section */
		F4F4DE3A25B8E0970062BB04 /* iOCR-iOS.app */ = {isa = PBXFileReference; explicitFileType = wrapper.application; includeInIndex = 0; path = "iOCR-iOS.app"; sourceTree = BUILT_PRODUCTS_DIR; };
		F4F4DE3D25B8E0970062BB04 /* iOCR_iOSApp.swift */ = {isa = PBXFileReference; lastKnownFileType = sourcecode.swift; path = iOCR_iOSApp.swift; sourceTree = "<group>"; };
		F4F4DE3F25B8E0970062BB04 /* ContentView.swift */ = {isa = PBXFileReference; lastKnownFileType = sourcecode.swift; path = ContentView.swift; sourceTree = "<group>"; };
		F4F4DE4125B8E0970062BB04 /* Assets.xcassets */ = {isa = PBXFileReference; lastKnownFileType = folder.assetcatalog; path = Assets.xcassets; sourceTree = "<group>"; };
		F4F4DE4425B8E0970062BB04 /* Preview Assets.xcassets */ = {isa = PBXFileReference; lastKnownFileType = folder.assetcatalog; path = "Preview Assets.xcassets"; sourceTree = "<group>"; };
		F4F4DE4625B8E0970062BB04 /* Info.plist */ = {isa = PBXFileReference; lastKnownFileType = text.plist.xml; path = Info.plist; sourceTree = "<group>"; };
		F4F4DE4B25B8E0970062BB04 /* iOCR-iOSTests.xctest */ = {isa = PBXFileReference; explicitFileType = wrapper.cfbundle; includeInIndex = 0; path = "iOCR-iOSTests.xctest"; sourceTree = BUILT_PRODUCTS_DIR; };
		F4F4DE4F25B8E0970062BB04 /* iOCR_iOSTests.swift */ = {isa = PBXFileReference; lastKnownFileType = sourcecode.swift; path = iOCR_iOSTests.swift; sourceTree = "<group>"; };
		F4F4DE5125B8E0970062BB04 /* Info.plist */ = {isa = PBXFileReference; lastKnownFileType = text.plist.xml; path = Info.plist; sourceTree = "<group>"; };
		F4F4DE5625B8E0970062BB04 /* iOCR-iOSUITests.xctest */ = {isa = PBXFileReference; explicitFileType = wrapper.cfbundle; includeInIndex = 0; path = "iOCR-iOSUITests.xctest"; sourceTree = BUILT_PRODUCTS_DIR; };
		F4F4DE5A25B8E0970062BB04 /* iOCR_iOSUITests.swift */ = {isa = PBXFileReference; lastKnownFileType = sourcecode.swift; path = iOCR_iOSUITests.swift; sourceTree = "<group>"; };
		F4F4DE5C25B8E0970062BB04 /* Info.plist */ = {isa = PBXFileReference; lastKnownFileType = text.plist.xml; path = Info.plist; sourceTree = "<group>"; };
/* End PBXFileReference section */

/* Begin PBXFrameworksBuildPhase section */
		F4F4DE3725B8E0970062BB04 /* Frameworks */ = {
			isa = PBXFrameworksBuildPhase;
			buildActionMask = 2147483647;
			files = (
			);
			runOnlyForDeploymentPostprocessing = 0;
		};
		F4F4DE4825B8E0970062BB04 /* Frameworks */ = {
			isa = PBXFrameworksBuildPhase;
			buildActionMask = 2147483647;
			files = (
			);
			runOnlyForDeploymentPostprocessing = 0;
		};
		F4F4DE5325B8E0970062BB04 /* Frameworks */ = {
			isa = PBXFrameworksBuildPhase;
			buildActionMask = 2147483647;
			files = (
			);
			runOnlyForDeploymentPostprocessing = 0;
		};
/* End PBXFrameworksBuildPhase section */

/* Begin PBXGroup section */
		F4F4DE3125B8E0970062BB04 = {
			isa = PBXGroup;
			children = (
				F4F4DE3C25B8E0970062BB04 /* iOCR-iOS */,
				F4F4DE4E25B8E0970062BB04 /* iOCR-iOSTests */,
				F4F4DE5925B8E0970062BB04 /* iOCR-iOSUITests */,
				F4F4DE3B25B8E0970062BB04 /* Products */,
			);
			sourceTree = "<group>";
		};
		F4F4DE3B25B8E0970062BB04 /* Products */ = {
			isa = PBXGroup;
			children = (
				F4F4DE3A25B8E0970062BB04 /* iOCR-iOS.app */,
				F4F4DE4B25B8E0970062BB04 /* iOCR-iOSTests.xctest */,
				F4F4DE5625B8E0970062BB04 /* iOCR-iOSUITests.xctest */,
			);
			name = Products;
			sourceTree = "<group>";
		};
		F4F4DE3C25B8E0970062BB04 /* iOCR-iOS */ = {
			isa = PBXGroup;
			children = (
				F4F4DE3D25B8E0970062BB04 /* iOCR_iOSApp.swift */,
				F4F4DE3F25B8E0970062BB04 /* ContentView.swift */,
				F4F4DE4125B8E0970062BB04 /* Assets.xcassets */,
				F4F4DE4625B8E0970062BB04 /* Info.plist */,
				F4F4DE4325B8E0970062BB04 /* Preview Content */,
			);
			path = "iOCR-iOS";
			sourceTree = "<group>";
		};
		F4F4DE4325B8E0970062BB04 /* Preview Content */ = {
			isa = PBXGroup;
			children = (
				F4F4DE4425B8E0970062BB04 /* Preview Assets.xcassets */,
			);
			path = "Preview Content";
			sourceTree = "<group>";
		};
		F4F4DE4E25B8E0970062BB04 /* iOCR-iOSTests */ = {
			isa = PBXGroup;
			children = (
				F4F4DE4F25B8E0970062BB04 /* iOCR_iOSTests.swift */,
				F4F4DE5125B8E0970062BB04 /* Info.plist */,
			);
			path = "iOCR-iOSTests";
			sourceTree = "<group>";
		};
		F4F4DE5925B8E0970062BB04 /* iOCR-iOSUITests */ = {
			isa = PBXGroup;
			children = (
				F4F4DE5A25B8E0970062BB04 /* iOCR_iOSUITests.swift */,
				F4F4DE5C25B8E0970062BB04 /* Info.plist */,
			);
			path = "iOCR-iOSUITests";
			sourceTree = "<group>";
		};
/* End PBXGroup section */

/* Begin PBXNativeTarget section */
		F4F4DE3925B8E0970062BB04 /* iOCR-iOS */ = {
			isa = PBXNativeTarget;
			buildConfigurationList = F4F4DE5F25B8E0970062BB04 /* Build configuration list for PBXNativeTarget "iOCR-iOS" */;
			buildPhases = (
				F4F4DE3625B8E0970062BB04 /* Sources */,
				F4F4DE3725B8E0970062BB04 /* Frameworks */,
				F4F4DE3825B8E0970062BB04 /* Resources */,
			);
			buildRules = (
			);
			dependencies = (
			);
			name = "iOCR-iOS";
			productName = "iOCR-iOS";
			productReference = F4F4DE3A25B8E0970062BB04 /* iOCR-iOS.app */;
			productType = "com.apple.product-type.application";
		};
		F4F4DE4A25B8E0970062BB04 /* iOCR-iOSTests */ = {
			isa = PBXNativeTarget;
			buildConfigurationList = F4F4DE6225B8E0970062BB04 /* Build configuration list for PBXNativeTarget "iOCR-iOSTests" */;
			buildPhases = (
				F4F4DE4725B8E0970062BB04 /* Sources */,
				F4F4DE4825B8E0970062BB04 /* Frameworks */,
				F4F4DE4925B8E0970062BB04 /* Resources */,
			);
			buildRules = (
			);
			dependencies = (
				F4F4DE4D25B8E0970062BB04 /* PBXTargetDependency */,
			);
			name = "iOCR-iOSTests";
			productName = "iOCR-iOSTests";
			productReference = F4F4DE4B25B8E0970062BB04 /* iOCR-iOSTests.xctest */;
			productType = "com.apple.product-type.bundle.unit-test";
		};
		F4F4DE5525B8E0970062BB04 /* iOCR-iOSUITests */ = {
			isa = PBXNativeTarget;
			buildConfigurationList = F4F4DE6525B8E0970062BB04 /* Build configuration list for PBXNativeTarget "iOCR-iOSUITests" */;
			buildPhases = (
				F4F4DE5225B8E0970062BB04 /* Sources */,
				F4F4DE5325B8E0970062BB04 /* Frameworks */,
				F4F4DE5425B8E0970062BB04 /* Resources */,
			);
			buildRules = (
			);
			dependencies = (
				F4F4DE5825B8E0970062BB04 /* PBXTargetDependency */,
			);
			name = "iOCR-iOSUITests";
			productName = "iOCR-iOSUITests";
			productReference = F4F4DE5625B8E0970062BB04 /* iOCR-iOSUITests.xctest */;
			productType = "com.apple.product-type.bundle.ui-testing";
		};
/* End PBXNativeTarget section */

/* Begin PBXProject section */
		F4F4DE3225B8E0970062BB04 /* Project object */ = {
			isa = PBXProject;
			attributes = {
				LastSwiftUpdateCheck = 1230;
				LastUpgradeCheck = 1230;
				TargetAttributes = {
					F4F4DE3925B8E0970062BB04 = {
						CreatedOnToolsVersion = 12.3;
					};
					F4F4DE4A25B8E0970062BB04 = {
						CreatedOnToolsVersion = 12.3;
						TestTargetID = F4F4DE3925B8E0970062BB04;
					};
					F4F4DE5525B8E0970062BB04 = {
						CreatedOnToolsVersion = 12.3;
						TestTargetID = F4F4DE3925B8E0970062BB04;
					};
				};
			};
			buildConfigurationList = F4F4DE3525B8E0970062BB04 /* Build configuration list for PBXProject "iOCR-iOS" */;
			compatibilityVersion = "Xcode 9.3";
			developmentRegion = en;
			hasScannedForEncodings = 0;
			knownRegions = (
				en,
				Base,
			);
			mainGroup = F4F4DE3125B8E0970062BB04;
			productRefGroup = F4F4DE3B25B8E0970062BB04 /* Products */;
			projectDirPath = "";
			projectRoot = "";
			targets = (
				F4F4DE3925B8E0970062BB04 /* iOCR-iOS */,
				F4F4DE4A25B8E0970062BB04 /* iOCR-iOSTests */,
				F4F4DE5525B8E0970062BB04 /* iOCR-iOSUITests */,
			);
		};
/* End PBXProject section */

/* Begin PBXResourcesBuildPhase section */
		F4F4DE3825B8E0970062BB04 /* Resources */ = {
			isa = PBXResourcesBuildPhase;
			buildActionMask = 2147483647;
			files = (
				F4F4DE4525B8E0970062BB04 /* Preview Assets.xcassets in Resources */,
				F4F4DE4225B8E0970062BB04 /* Assets.xcassets in Resources */,
			);
			runOnlyForDeploymentPostprocessing = 0;
		};
		F4F4DE4925B8E0970062BB04 /* Resources */ = {
			isa = PBXResourcesBuildPhase;
			buildActionMask = 2147483647;
			files = (
			);
			runOnlyForDeploymentPostprocessing = 0;
		};
		F4F4DE5425B8E0970062BB04 /* Resources */ = {
			isa = PBXResourcesBuildPhase;
			buildActionMask = 2147483647;
			files = (
			);
			runOnlyForDeploymentPostprocessing = 0;
		};
/* End PBXResourcesBuildPhase section */

/* Begin PBXSourcesBuildPhase section */
		F4F4DE3625B8E0970062BB04 /* Sources */ = {
			isa = PBXSourcesBuildPhase;
			buildActionMask = 2147483647;
			files = (
				F4F4DE4025B8E0970062BB04 /* ContentView.swift in Sources */,
				F4F4DE3E25B8E0970062BB04 /* iOCR_iOSApp.swift in Sources */,
			);
			runOnlyForDeploymentPostprocessing = 0;
		};
		F4F4DE4725B8E0970062BB04 /* Sources */ = {
			isa = PBXSourcesBuildPhase;
			buildActionMask = 2147483647;
			files = (
				F4F4DE5025B8E0970062BB04 /* iOCR_iOSTests.swift in Sources */,
			);
			runOnlyForDeploymentPostprocessing = 0;
		};
		F4F4DE5225B8E0970062BB04 /* Sources */ = {
			isa = PBXSourcesBuildPhase;
			buildActionMask = 2147483647;
			files = (
				F4F4DE5B25B8E0970062BB04 /* iOCR_iOSUITests.swift in Sources */,
			);
			runOnlyForDeploymentPostprocessing = 0;
		};
/* End PBXSourcesBuildPhase section */

/* Begin PBXTargetDependency section */
		F4F4DE4D25B8E0970062BB04 /* PBXTargetDependency */ = {
			isa = PBXTargetDependency;
			target = F4F4DE3925B8E0970062BB04 /* iOCR-iOS */;
			targetProxy = F4F4DE4C25B8E0970062BB04 /* PBXContainerItemProxy */;
		};
		F4F4DE5825B8E0970062BB04 /* PBXTargetDependency */ = {
			isa = PBXTargetDependency;
			target = F4F4DE3925B8E0970062BB04 /* iOCR-iOS */;
			targetProxy = F4F4DE5725B8E0970062BB04 /* PBXContainerItemProxy */;
		};
/* End PBXTargetDependency section */

/* Begin XCBuildConfiguration section */
		F4F4DE5D25B8E0970062BB04 /* Debug */ = {
			isa = XCBuildConfiguration;
			buildSettings = {
				ALWAYS_SEARCH_USER_PATHS = NO;
				CLANG_ANALYZER_NONNULL = YES;
				CLANG_ANALYZER_NUMBER_OBJECT_CONVERSION = YES_AGGRESSIVE;
				CLANG_CXX_LANGUAGE_STANDARD = "gnu++14";
				CLANG_CXX_LIBRARY = "libc++";
				CLANG_ENABLE_MODULES = YES;
				CLANG_ENABLE_OBJC_ARC = YES;
				CLANG_ENABLE_OBJC_WEAK = YES;
				CLANG_WARN_BLOCK_CAPTURE_AUTORELEASING = YES;
				CLANG_WARN_BOOL_CONVERSION = YES;
				CLANG_WARN_COMMA = YES;
				CLANG_WARN_CONSTANT_CONVERSION = YES;
				CLANG_WARN_DEPRECATED_OBJC_IMPLEMENTATIONS = YES;
				CLANG_WARN_DIRECT_OBJC_ISA_USAGE = YES_ERROR;
				CLANG_WARN_DOCUMENTATION_COMMENTS = YES;
				CLANG_WARN_EMPTY_BODY = YES;
				CLANG_WARN_ENUM_CONVERSION = YES;
				CLANG_WARN_INFINITE_RECURSION = YES;
				CLANG_WARN_INT_CONVERSION = YES;
				CLANG_WARN_NON_LITERAL_NULL_CONVERSION = YES;
				CLANG_WARN_OBJC_IMPLICIT_RETAIN_SELF = YES;
				CLANG_WARN_OBJC_LITERAL_CONVERSION = YES;
				CLANG_WARN_OBJC_ROOT_CLASS = YES_ERROR;
				CLANG_WARN_QUOTED_INCLUDE_IN_FRAMEWORK_HEADER = YES;
				CLANG_WARN_RANGE_LOOP_ANALYSIS = YES;
				CLANG_WARN_STRICT_PROTOTYPES = YES;
				CLANG_WARN_SUSPICIOUS_MOVE = YES;
				CLANG_WARN_UNGUARDED_AVAILABILITY = YES_AGGRESSIVE;
				CLANG_WARN_UNREACHABLE_CODE = YES;
				CLANG_WARN__DUPLICATE_METHOD_MATCH = YES;
				COPY_PHASE_STRIP = NO;
				DEBUG_INFORMATION_FORMAT = dwarf;
				ENABLE_STRICT_OBJC_MSGSEND = YES;
				ENABLE_TESTABILITY = YES;
				GCC_C_LANGUAGE_STANDARD = gnu11;
				GCC_DYNAMIC_NO_PIC = NO;
				GCC_NO_COMMON_BLOCKS = YES;
				GCC_OPTIMIZATION_LEVEL = 0;
				GCC_PREPROCESSOR_DEFINITIONS = (
					"DEBUG=1",
					"$(inherited)",
				);
				GCC_WARN_64_TO_32_BIT_CONVERSION = YES;
				GCC_WARN_ABOUT_RETURN_TYPE = YES_ERROR;
				GCC_WARN_UNDECLARED_SELECTOR = YES;
				GCC_WARN_UNINITIALIZED_AUTOS = YES_AGGRESSIVE;
				GCC_WARN_UNUSED_FUNCTION = YES;
				GCC_WARN_UNUSED_VARIABLE = YES;
				IPHONEOS_DEPLOYMENT_TARGET = 14.3;
				MTL_ENABLE_DEBUG_INFO = INCLUDE_SOURCE;
				MTL_FAST_MATH = YES;
				ONLY_ACTIVE_ARCH = YES;
				SDKROOT = iphoneos;
				SWIFT_ACTIVE_COMPILATION_CONDITIONS = DEBUG;
				SWIFT_OPTIMIZATION_LEVEL = "-Onone";
			};
			name = Debug;
		};
		F4F4DE5E25B8E0970062BB04 /* Release */ = {
			isa = XCBuildConfiguration;
			buildSettings = {
				ALWAYS_SEARCH_USER_PATHS = NO;
				CLANG_ANALYZER_NONNULL = YES;
				CLANG_ANALYZER_NUMBER_OBJECT_CONVERSION = YES_AGGRESSIVE;
				CLANG_CXX_LANGUAGE_STANDARD = "gnu++14";
				CLANG_CXX_LIBRARY = "libc++";
				CLANG_ENABLE_MODULES = YES;
				CLANG_ENABLE_OBJC_ARC = YES;
				CLANG_ENABLE_OBJC_WEAK = YES;
				CLANG_WARN_BLOCK_CAPTURE_AUTORELEASING = YES;
				CLANG_WARN_BOOL_CONVERSION = YES;
				CLANG_WARN_COMMA = YES;
				CLANG_WARN_CONSTANT_CONVERSION = YES;
				CLANG_WARN_DEPRECATED_OBJC_IMPLEMENTATIONS = YES;
				CLANG_WARN_DIRECT_OBJC_ISA_USAGE = YES_ERROR;
				CLANG_WARN_DOCUMENTATION_COMMENTS = YES;
				CLANG_WARN_EMPTY_BODY = YES;
				CLANG_WARN_ENUM_CONVERSION = YES;
				CLANG_WARN_INFINITE_RECURSION = YES;
				CLANG_WARN_INT_CONVERSION = YES;
				CLANG_WARN_NON_LITERAL_NULL_CONVERSION = YES;
				CLANG_WARN_OBJC_IMPLICIT_RETAIN_SELF = YES;
				CLANG_WARN_OBJC_LITERAL_CONVERSION = YES;
				CLANG_WARN_OBJC_ROOT_CLASS = YES_ERROR;
				CLANG_WARN_QUOTED_INCLUDE_IN_FRAMEWORK_HEADER = YES;
				CLANG_WARN_RANGE_LOOP_ANALYSIS = YES;
				CLANG_WARN_STRICT_PROTOTYPES = YES;
				CLANG_WARN_SUSPICIOUS_MOVE = YES;
				CLANG_WARN_UNGUARDED_AVAILABILITY = YES_AGGRESSIVE;
				CLANG_WARN_UNREACHABLE_CODE = YES;
				CLANG_WARN__DUPLICATE_METHOD_MATCH = YES;
				COPY_PHASE_STRIP = NO;
				DEBUG_INFORMATION_FORMAT = "dwarf-with-dsym";
				ENABLE_NS_ASSERTIONS = NO;
				ENABLE_STRICT_OBJC_MSGSEND = YES;
				GCC_C_LANGUAGE_STANDARD = gnu11;
				GCC_NO_COMMON_BLOCKS = YES;
				GCC_WARN_64_TO_32_BIT_CONVERSION = YES;
				GCC_WARN_ABOUT_RETURN_TYPE = YES_ERROR;
				GCC_WARN_UNDECLARED_SELECTOR = YES;
				GCC_WARN_UNINITIALIZED_AUTOS = YES_AGGRESSIVE;
				GCC_WARN_UNUSED_FUNCTION = YES;
				GCC_WARN_UNUSED_VARIABLE = YES;
				IPHONEOS_DEPLOYMENT_TARGET = 14.3;
				MTL_ENABLE_DEBUG_INFO = NO;
				MTL_FAST_MATH = YES;
				SDKROOT = iphoneos;
				SWIFT_COMPILATION_MODE = wholemodule;
				SWIFT_OPTIMIZATION_LEVEL = "-O";
				VALIDATE_PRODUCT = YES;
			};
			name = Release;
		};
		F4F4DE6025B8E0970062BB04 /* Debug */ = {
			isa = XCBuildConfiguration;
			buildSettings = {
				ASSETCATALOG_COMPILER_APPICON_NAME = AppIcon;
				ASSETCATALOG_COMPILER_GLOBAL_ACCENT_COLOR_NAME = AccentColor;
				CODE_SIGN_STYLE = Automatic;
				DEVELOPMENT_ASSET_PATHS = "\"iOCR-iOS/Preview Content\"";
				DEVELOPMENT_TEAM = 68PACZTRF4;
				ENABLE_PREVIEWS = YES;
				INFOPLIST_FILE = "iOCR-iOS/Info.plist";
				IPHONEOS_DEPLOYMENT_TARGET = 14.0;
				LD_RUNPATH_SEARCH_PATHS = (
					"$(inherited)",
					"@executable_path/Frameworks",
				);
				PRODUCT_BUNDLE_IDENTIFIER = "com.pokkinandpup.iOCR-iOS";
				PRODUCT_NAME = "$(TARGET_NAME)";
				SWIFT_VERSION = 5.0;
				TARGETED_DEVICE_FAMILY = "1,2";
			};
			name = Debug;
		};
		F4F4DE6125B8E0970062BB04 /* Release */ = {
			isa = XCBuildConfiguration;
			buildSettings = {
				ASSETCATALOG_COMPILER_APPICON_NAME = AppIcon;
				ASSETCATALOG_COMPILER_GLOBAL_ACCENT_COLOR_NAME = AccentColor;
				CODE_SIGN_STYLE = Automatic;
				DEVELOPMENT_ASSET_PATHS = "\"iOCR-iOS/Preview Content\"";
				DEVELOPMENT_TEAM = 68PACZTRF4;
				ENABLE_PREVIEWS = YES;
				INFOPLIST_FILE = "iOCR-iOS/Info.plist";
				IPHONEOS_DEPLOYMENT_TARGET = 14.0;
				LD_RUNPATH_SEARCH_PATHS = (
					"$(inherited)",
					"@executable_path/Frameworks",
				);
				PRODUCT_BUNDLE_IDENTIFIER = "com.pokkinandpup.iOCR-iOS";
				PRODUCT_NAME = "$(TARGET_NAME)";
				SWIFT_VERSION = 5.0;
				TARGETED_DEVICE_FAMILY = "1,2";
			};
			name = Release;
		};
		F4F4DE6325B8E0970062BB04 /* Debug */ = {
			isa = XCBuildConfiguration;
			buildSettings = {
				ALWAYS_EMBED_SWIFT_STANDARD_LIBRARIES = YES;
				BUNDLE_LOADER = "$(TEST_HOST)";
				CODE_SIGN_STYLE = Automatic;
				DEVELOPMENT_TEAM = 68PACZTRF4;
				INFOPLIST_FILE = "iOCR-iOSTests/Info.plist";
				IPHONEOS_DEPLOYMENT_TARGET = 14.0;
				LD_RUNPATH_SEARCH_PATHS = (
					"$(inherited)",
					"@executable_path/Frameworks",
					"@loader_path/Frameworks",
				);
				PRODUCT_BUNDLE_IDENTIFIER = "com.pokkinandpup.iOCR-iOSTests";
				PRODUCT_NAME = "$(TARGET_NAME)";
				SWIFT_VERSION = 5.0;
				TARGETED_DEVICE_FAMILY = "1,2";
				TEST_HOST = "$(BUILT_PRODUCTS_DIR)/iOCR-iOS.app/iOCR-iOS";
			};
			name = Debug;
		};
		F4F4DE6425B8E0970062BB04 /* Release */ = {
			isa = XCBuildConfiguration;
			buildSettings = {
				ALWAYS_EMBED_SWIFT_STANDARD_LIBRARIES = YES;
				BUNDLE_LOADER = "$(TEST_HOST)";
				CODE_SIGN_STYLE = Automatic;
				DEVELOPMENT_TEAM = 68PACZTRF4;
				INFOPLIST_FILE = "iOCR-iOSTests/Info.plist";
				IPHONEOS_DEPLOYMENT_TARGET = 14.0;
				LD_RUNPATH_SEARCH_PATHS = (
					"$(inherited)",
					"@executable_path/Frameworks",
					"@loader_path/Frameworks",
				);
				PRODUCT_BUNDLE_IDENTIFIER = "com.pokkinandpup.iOCR-iOSTests";
				PRODUCT_NAME = "$(TARGET_NAME)";
				SWIFT_VERSION = 5.0;
				TARGETED_DEVICE_FAMILY = "1,2";
				TEST_HOST = "$(BUILT_PRODUCTS_DIR)/iOCR-iOS.app/iOCR-iOS";
			};
			name = Release;
		};
		F4F4DE6625B8E0970062BB04 /* Debug */ = {
			isa = XCBuildConfiguration;
			buildSettings = {
				ALWAYS_EMBED_SWIFT_STANDARD_LIBRARIES = YES;
				CODE_SIGN_STYLE = Automatic;
				DEVELOPMENT_TEAM = 68PACZTRF4;
				INFOPLIST_FILE = "iOCR-iOSUITests/Info.plist";
				LD_RUNPATH_SEARCH_PATHS = (
					"$(inherited)",
					"@executable_path/Frameworks",
					"@loader_path/Frameworks",
				);
				PRODUCT_BUNDLE_IDENTIFIER = "com.pokkinandpup.iOCR-iOSUITests";
				PRODUCT_NAME = "$(TARGET_NAME)";
				SWIFT_VERSION = 5.0;
				TARGETED_DEVICE_FAMILY = "1,2";
				TEST_TARGET_NAME = "iOCR-iOS";
			};
			name = Debug;
		};
		F4F4DE6725B8E0970062BB04 /* Release */ = {
			isa = XCBuildConfiguration;
			buildSettings = {
				ALWAYS_EMBED_SWIFT_STANDARD_LIBRARIES = YES;
				CODE_SIGN_STYLE = Automatic;
				DEVELOPMENT_TEAM = 68PACZTRF4;
				INFOPLIST_FILE = "iOCR-iOSUITests/Info.plist";
				LD_RUNPATH_SEARCH_PATHS = (
					"$(inherited)",
					"@executable_path/Frameworks",
					"@loader_path/Frameworks",
				);
				PRODUCT_BUNDLE_IDENTIFIER = "com.pokkinandpup.iOCR-iOSUITests";
				PRODUCT_NAME = "$(TARGET_NAME)";
				SWIFT_VERSION = 5.0;
				TARGETED_DEVICE_FAMILY = "1,2";
				TEST_TARGET_NAME = "iOCR-iOS";
			};
			name = Release;
		};
/* End XCBuildConfiguration section */

/* Begin XCConfigurationList section */
		F4F4DE3525B8E0970062BB04 /* Build configuration list for PBXProject "iOCR-iOS" */ = {
			isa = XCConfigurationList;
			buildConfigurations = (
				F4F4DE5D25B8E0970062BB04 /* Debug */,
				F4F4DE5E25B8E0970062BB04 /* Release */,
			);
			defaultConfigurationIsVisible = 0;
			defaultConfigurationName = Release;
		};
		F4F4DE5F25B8E0970062BB04 /* Build configuration list for PBXNativeTarget "iOCR-iOS" */ = {
			isa = XCConfigurationList;
			buildConfigurations = (
				F4F4DE6025B8E0970062BB04 /* Debug */,
				F4F4DE6125B8E0970062BB04 /* Release */,
			);
			defaultConfigurationIsVisible = 0;
			defaultConfigurationName = Release;
		};
		F4F4DE6225B8E0970062BB04 /* Build configuration list for PBXNativeTarget "iOCR-iOSTests" */ = {
			isa = XCConfigurationList;
			buildConfigurations = (
				F4F4DE6325B8E0970062BB04 /* Debug */,
				F4F4DE6425B8E0970062BB04 /* Release */,
			);
			defaultConfigurationIsVisible = 0;
			defaultConfigurationName = Release;
		};
		F4F4DE6525B8E0970062BB04 /* Build configuration list for PBXNativeTarget "iOCR-iOSUITests" */ = {
			isa = XCConfigurationList;
			buildConfigurations = (
				F4F4DE6625B8E0970062BB04 /* Debug */,
				F4F4DE6725B8E0970062BB04 /* Release */,
			);
			defaultConfigurationIsVisible = 0;
			defaultConfigurationName = Release;
		};
/* End XCConfigurationList section */
	};
	rootObject = F4F4DE3225B8E0970062BB04 /* Project object */;
}
