// !$*UTF8*$!
{
	archiveVersion = 1;
	classes = {
	};
	objectVersion = 50;
	objects = {

/* Begin PBXBuildFile section */
		F495138524953F4500AA5D8D /* AppDelegate.swift in Sources */ = {isa = PBXBuildFile; fileRef = F495138424953F4500AA5D8D /* AppDelegate.swift */; };
		F495138724953F4500AA5D8D /* SceneDelegate.swift in Sources */ = {isa = PBXBuildFile; fileRef = F495138624953F4500AA5D8D /* SceneDelegate.swift */; };
		F495138924953F4500AA5D8D /* ContentView.swift in Sources */ = {isa = PBXBuildFile; fileRef = F495138824953F4500AA5D8D /* ContentView.swift */; };
		F495138B24953F4A00AA5D8D /* Assets.xcassets in Resources */ = {isa = PBXBuildFile; fileRef = F495138A24953F4A00AA5D8D /* Assets.xcassets */; };
		F495138E24953F4A00AA5D8D /* Preview Assets.xcassets in Resources */ = {isa = PBXBuildFile; fileRef = F495138D24953F4A00AA5D8D /* Preview Assets.xcassets */; };
		F495139124953F4A00AA5D8D /* LaunchScreen.storyboard in Resources */ = {isa = PBXBuildFile; fileRef = F495138F24953F4A00AA5D8D /* LaunchScreen.storyboard */; };
		F495139C24953F4A00AA5D8D /* ScratchTests.swift in Sources */ = {isa = PBXBuildFile; fileRef = F495139B24953F4A00AA5D8D /* ScratchTests.swift */; };
		F49513A724953F4A00AA5D8D /* ScratchUITests.swift in Sources */ = {isa = PBXBuildFile; fileRef = F49513A624953F4A00AA5D8D /* ScratchUITests.swift */; };
/* End PBXBuildFile section */

/* Begin PBXContainerItemProxy section */
		F495139824953F4A00AA5D8D /* PBXContainerItemProxy */ = {
			isa = PBXContainerItemProxy;
			containerPortal = F495137924953F4500AA5D8D /* Project object */;
			proxyType = 1;
			remoteGlobalIDString = F495138024953F4500AA5D8D;
			remoteInfo = Scratch;
		};
		F49513A324953F4A00AA5D8D /* PBXContainerItemProxy */ = {
			isa = PBXContainerItemProxy;
			containerPortal = F495137924953F4500AA5D8D /* Project object */;
			proxyType = 1;
			remoteGlobalIDString = F495138024953F4500AA5D8D;
			remoteInfo = Scratch;
		};
/* End PBXContainerItemProxy section */

/* Begin PBXFileReference section */
		F495138124953F4500AA5D8D /* Scratch.app */ = {isa = PBXFileReference; explicitFileType = wrapper.application; includeInIndex = 0; path = Scratch.app; sourceTree = BUILT_PRODUCTS_DIR; };
		F495138424953F4500AA5D8D /* AppDelegate.swift */ = {isa = PBXFileReference; lastKnownFileType = sourcecode.swift; path = AppDelegate.swift; sourceTree = "<group>"; };
		F495138624953F4500AA5D8D /* SceneDelegate.swift */ = {isa = PBXFileReference; lastKnownFileType = sourcecode.swift; path = SceneDelegate.swift; sourceTree = "<group>"; };
		F495138824953F4500AA5D8D /* ContentView.swift */ = {isa = PBXFileReference; lastKnownFileType = sourcecode.swift; path = ContentView.swift; sourceTree = "<group>"; };
		F495138A24953F4A00AA5D8D /* Assets.xcassets */ = {isa = PBXFileReference; lastKnownFileType = folder.assetcatalog; path = Assets.xcassets; sourceTree = "<group>"; };
		F495138D24953F4A00AA5D8D /* Preview Assets.xcassets */ = {isa = PBXFileReference; lastKnownFileType = folder.assetcatalog; path = "Preview Assets.xcassets"; sourceTree = "<group>"; };
		F495139024953F4A00AA5D8D /* Base */ = {isa = PBXFileReference; lastKnownFileType = file.storyboard; name = Base; path = Base.lproj/LaunchScreen.storyboard; sourceTree = "<group>"; };
		F495139224953F4A00AA5D8D /* Info.plist */ = {isa = PBXFileReference; lastKnownFileType = text.plist.xml; path = Info.plist; sourceTree = "<group>"; };
		F495139724953F4A00AA5D8D /* ScratchTests.xctest */ = {isa = PBXFileReference; explicitFileType = wrapper.cfbundle; includeInIndex = 0; path = ScratchTests.xctest; sourceTree = BUILT_PRODUCTS_DIR; };
		F495139B24953F4A00AA5D8D /* ScratchTests.swift */ = {isa = PBXFileReference; lastKnownFileType = sourcecode.swift; path = ScratchTests.swift; sourceTree = "<group>"; };
		F495139D24953F4A00AA5D8D /* Info.plist */ = {isa = PBXFileReference; lastKnownFileType = text.plist.xml; path = Info.plist; sourceTree = "<group>"; };
		F49513A224953F4A00AA5D8D /* ScratchUITests.xctest */ = {isa = PBXFileReference; explicitFileType = wrapper.cfbundle; includeInIndex = 0; path = ScratchUITests.xctest; sourceTree = BUILT_PRODUCTS_DIR; };
		F49513A624953F4A00AA5D8D /* ScratchUITests.swift */ = {isa = PBXFileReference; lastKnownFileType = sourcecode.swift; path = ScratchUITests.swift; sourceTree = "<group>"; };
		F49513A824953F4A00AA5D8D /* Info.plist */ = {isa = PBXFileReference; lastKnownFileType = text.plist.xml; path = Info.plist; sourceTree = "<group>"; };
/* End PBXFileReference section */

/* Begin PBXFrameworksBuildPhase section */
		F495137E24953F4500AA5D8D /* Frameworks */ = {
			isa = PBXFrameworksBuildPhase;
			buildActionMask = 2147483647;
			files = (
			);
			runOnlyForDeploymentPostprocessing = 0;
		};
		F495139424953F4A00AA5D8D /* Frameworks */ = {
			isa = PBXFrameworksBuildPhase;
			buildActionMask = 2147483647;
			files = (
			);
			runOnlyForDeploymentPostprocessing = 0;
		};
		F495139F24953F4A00AA5D8D /* Frameworks */ = {
			isa = PBXFrameworksBuildPhase;
			buildActionMask = 2147483647;
			files = (
			);
			runOnlyForDeploymentPostprocessing = 0;
		};
/* End PBXFrameworksBuildPhase section */

/* Begin PBXGroup section */
		F495137824953F4500AA5D8D = {
			isa = PBXGroup;
			children = (
				F495138324953F4500AA5D8D /* Scratch */,
				F495139A24953F4A00AA5D8D /* ScratchTests */,
				F49513A524953F4A00AA5D8D /* ScratchUITests */,
				F495138224953F4500AA5D8D /* Products */,
			);
			sourceTree = "<group>";
		};
		F495138224953F4500AA5D8D /* Products */ = {
			isa = PBXGroup;
			children = (
				F495138124953F4500AA5D8D /* Scratch.app */,
				F495139724953F4A00AA5D8D /* ScratchTests.xctest */,
				F49513A224953F4A00AA5D8D /* ScratchUITests.xctest */,
			);
			name = Products;
			sourceTree = "<group>";
		};
		F495138324953F4500AA5D8D /* Scratch */ = {
			isa = PBXGroup;
			children = (
				F495138424953F4500AA5D8D /* AppDelegate.swift */,
				F495138624953F4500AA5D8D /* SceneDelegate.swift */,
				F495138824953F4500AA5D8D /* ContentView.swift */,
				F495138A24953F4A00AA5D8D /* Assets.xcassets */,
				F495138F24953F4A00AA5D8D /* LaunchScreen.storyboard */,
				F495139224953F4A00AA5D8D /* Info.plist */,
				F495138C24953F4A00AA5D8D /* Preview Content */,
			);
			path = Scratch;
			sourceTree = "<group>";
		};
		F495138C24953F4A00AA5D8D /* Preview Content */ = {
			isa = PBXGroup;
			children = (
				F495138D24953F4A00AA5D8D /* Preview Assets.xcassets */,
			);
			path = "Preview Content";
			sourceTree = "<group>";
		};
		F495139A24953F4A00AA5D8D /* ScratchTests */ = {
			isa = PBXGroup;
			children = (
				F495139B24953F4A00AA5D8D /* ScratchTests.swift */,
				F495139D24953F4A00AA5D8D /* Info.plist */,
			);
			path = ScratchTests;
			sourceTree = "<group>";
		};
		F49513A524953F4A00AA5D8D /* ScratchUITests */ = {
			isa = PBXGroup;
			children = (
				F49513A624953F4A00AA5D8D /* ScratchUITests.swift */,
				F49513A824953F4A00AA5D8D /* Info.plist */,
			);
			path = ScratchUITests;
			sourceTree = "<group>";
		};
/* End PBXGroup section */

/* Begin PBXNativeTarget section */
		F495138024953F4500AA5D8D /* Scratch */ = {
			isa = PBXNativeTarget;
			buildConfigurationList = F49513AB24953F4A00AA5D8D /* Build configuration list for PBXNativeTarget "Scratch" */;
			buildPhases = (
				F495137D24953F4500AA5D8D /* Sources */,
				F495137E24953F4500AA5D8D /* Frameworks */,
				F495137F24953F4500AA5D8D /* Resources */,
			);
			buildRules = (
			);
			dependencies = (
			);
			name = Scratch;
			productName = Scratch;
			productReference = F495138124953F4500AA5D8D /* Scratch.app */;
			productType = "com.apple.product-type.application";
		};
		F495139624953F4A00AA5D8D /* ScratchTests */ = {
			isa = PBXNativeTarget;
			buildConfigurationList = F49513AE24953F4A00AA5D8D /* Build configuration list for PBXNativeTarget "ScratchTests" */;
			buildPhases = (
				F495139324953F4A00AA5D8D /* Sources */,
				F495139424953F4A00AA5D8D /* Frameworks */,
				F495139524953F4A00AA5D8D /* Resources */,
			);
			buildRules = (
			);
			dependencies = (
				F495139924953F4A00AA5D8D /* PBXTargetDependency */,
			);
			name = ScratchTests;
			productName = ScratchTests;
			productReference = F495139724953F4A00AA5D8D /* ScratchTests.xctest */;
			productType = "com.apple.product-type.bundle.unit-test";
		};
		F49513A124953F4A00AA5D8D /* ScratchUITests */ = {
			isa = PBXNativeTarget;
			buildConfigurationList = F49513B124953F4A00AA5D8D /* Build configuration list for PBXNativeTarget "ScratchUITests" */;
			buildPhases = (
				F495139E24953F4A00AA5D8D /* Sources */,
				F495139F24953F4A00AA5D8D /* Frameworks */,
				F49513A024953F4A00AA5D8D /* Resources */,
			);
			buildRules = (
			);
			dependencies = (
				F49513A424953F4A00AA5D8D /* PBXTargetDependency */,
			);
			name = ScratchUITests;
			productName = ScratchUITests;
			productReference = F49513A224953F4A00AA5D8D /* ScratchUITests.xctest */;
			productType = "com.apple.product-type.bundle.ui-testing";
		};
/* End PBXNativeTarget section */

/* Begin PBXProject section */
		F495137924953F4500AA5D8D /* Project object */ = {
			isa = PBXProject;
			attributes = {
				LastSwiftUpdateCheck = 1150;
				LastUpgradeCheck = 1150;
				ORGANIZATIONNAME = "Zach Young";
				TargetAttributes = {
					F495138024953F4500AA5D8D = {
						CreatedOnToolsVersion = 11.5;
					};
					F495139624953F4A00AA5D8D = {
						CreatedOnToolsVersion = 11.5;
						TestTargetID = F495138024953F4500AA5D8D;
					};
					F49513A124953F4A00AA5D8D = {
						CreatedOnToolsVersion = 11.5;
						TestTargetID = F495138024953F4500AA5D8D;
					};
				};
			};
			buildConfigurationList = F495137C24953F4500AA5D8D /* Build configuration list for PBXProject "Scratch" */;
			compatibilityVersion = "Xcode 9.3";
			developmentRegion = en;
			hasScannedForEncodings = 0;
			knownRegions = (
				en,
				Base,
			);
			mainGroup = F495137824953F4500AA5D8D;
			productRefGroup = F495138224953F4500AA5D8D /* Products */;
			projectDirPath = "";
			projectRoot = "";
			targets = (
				F495138024953F4500AA5D8D /* Scratch */,
				F495139624953F4A00AA5D8D /* ScratchTests */,
				F49513A124953F4A00AA5D8D /* ScratchUITests */,
			);
		};
/* End PBXProject section */

/* Begin PBXResourcesBuildPhase section */
		F495137F24953F4500AA5D8D /* Resources */ = {
			isa = PBXResourcesBuildPhase;
			buildActionMask = 2147483647;
			files = (
				F495139124953F4A00AA5D8D /* LaunchScreen.storyboard in Resources */,
				F495138E24953F4A00AA5D8D /* Preview Assets.xcassets in Resources */,
				F495138B24953F4A00AA5D8D /* Assets.xcassets in Resources */,
			);
			runOnlyForDeploymentPostprocessing = 0;
		};
		F495139524953F4A00AA5D8D /* Resources */ = {
			isa = PBXResourcesBuildPhase;
			buildActionMask = 2147483647;
			files = (
			);
			runOnlyForDeploymentPostprocessing = 0;
		};
		F49513A024953F4A00AA5D8D /* Resources */ = {
			isa = PBXResourcesBuildPhase;
			buildActionMask = 2147483647;
			files = (
			);
			runOnlyForDeploymentPostprocessing = 0;
		};
/* End PBXResourcesBuildPhase section */

/* Begin PBXSourcesBuildPhase section */
		F495137D24953F4500AA5D8D /* Sources */ = {
			isa = PBXSourcesBuildPhase;
			buildActionMask = 2147483647;
			files = (
				F495138524953F4500AA5D8D /* AppDelegate.swift in Sources */,
				F495138724953F4500AA5D8D /* SceneDelegate.swift in Sources */,
				F495138924953F4500AA5D8D /* ContentView.swift in Sources */,
			);
			runOnlyForDeploymentPostprocessing = 0;
		};
		F495139324953F4A00AA5D8D /* Sources */ = {
			isa = PBXSourcesBuildPhase;
			buildActionMask = 2147483647;
			files = (
				F495139C24953F4A00AA5D8D /* ScratchTests.swift in Sources */,
			);
			runOnlyForDeploymentPostprocessing = 0;
		};
		F495139E24953F4A00AA5D8D /* Sources */ = {
			isa = PBXSourcesBuildPhase;
			buildActionMask = 2147483647;
			files = (
				F49513A724953F4A00AA5D8D /* ScratchUITests.swift in Sources */,
			);
			runOnlyForDeploymentPostprocessing = 0;
		};
/* End PBXSourcesBuildPhase section */

/* Begin PBXTargetDependency section */
		F495139924953F4A00AA5D8D /* PBXTargetDependency */ = {
			isa = PBXTargetDependency;
			target = F495138024953F4500AA5D8D /* Scratch */;
			targetProxy = F495139824953F4A00AA5D8D /* PBXContainerItemProxy */;
		};
		F49513A424953F4A00AA5D8D /* PBXTargetDependency */ = {
			isa = PBXTargetDependency;
			target = F495138024953F4500AA5D8D /* Scratch */;
			targetProxy = F49513A324953F4A00AA5D8D /* PBXContainerItemProxy */;
		};
/* End PBXTargetDependency section */

/* Begin PBXVariantGroup section */
		F495138F24953F4A00AA5D8D /* LaunchScreen.storyboard */ = {
			isa = PBXVariantGroup;
			children = (
				F495139024953F4A00AA5D8D /* Base */,
			);
			name = LaunchScreen.storyboard;
			sourceTree = "<group>";
		};
/* End PBXVariantGroup section */

/* Begin XCBuildConfiguration section */
		F49513A924953F4A00AA5D8D /* Debug */ = {
			isa = XCBuildConfiguration;
			buildSettings = {
				ALWAYS_SEARCH_USER_PATHS = NO;
				CLANG_ANALYZER_NONNULL = YES;
				CLANG_ANALYZER_NUMBER_OBJECT_CONVERSION = YES_AGGRESSIVE;
				CLANG_CXX_LANGUAGE_STANDARD = "gnu++14";
				CLANG_CXX_LIBRARY = "libc++";
				CLANG_ENABLE_MODULES = YES;
				CLANG_ENABLE_OBJC_ARC = YES;
				CLANG_ENABLE_OBJC_WEAK = YES;
				CLANG_WARN_BLOCK_CAPTURE_AUTORELEASING = YES;
				CLANG_WARN_BOOL_CONVERSION = YES;
				CLANG_WARN_COMMA = YES;
				CLANG_WARN_CONSTANT_CONVERSION = YES;
				CLANG_WARN_DEPRECATED_OBJC_IMPLEMENTATIONS = YES;
				CLANG_WARN_DIRECT_OBJC_ISA_USAGE = YES_ERROR;
				CLANG_WARN_DOCUMENTATION_COMMENTS = YES;
				CLANG_WARN_EMPTY_BODY = YES;
				CLANG_WARN_ENUM_CONVERSION = YES;
				CLANG_WARN_INFINITE_RECURSION = YES;
				CLANG_WARN_INT_CONVERSION = YES;
				CLANG_WARN_NON_LITERAL_NULL_CONVERSION = YES;
				CLANG_WARN_OBJC_IMPLICIT_RETAIN_SELF = YES;
				CLANG_WARN_OBJC_LITERAL_CONVERSION = YES;
				CLANG_WARN_OBJC_ROOT_CLASS = YES_ERROR;
				CLANG_WARN_RANGE_LOOP_ANALYSIS = YES;
				CLANG_WARN_STRICT_PROTOTYPES = YES;
				CLANG_WARN_SUSPICIOUS_MOVE = YES;
				CLANG_WARN_UNGUARDED_AVAILABILITY = YES_AGGRESSIVE;
				CLANG_WARN_UNREACHABLE_CODE = YES;
				CLANG_WARN__DUPLICATE_METHOD_MATCH = YES;
				COPY_PHASE_STRIP = NO;
				DEBUG_INFORMATION_FORMAT = dwarf;
				ENABLE_STRICT_OBJC_MSGSEND = YES;
				ENABLE_TESTABILITY = YES;
				GCC_C_LANGUAGE_STANDARD = gnu11;
				GCC_DYNAMIC_NO_PIC = NO;
				GCC_NO_COMMON_BLOCKS = YES;
				GCC_OPTIMIZATION_LEVEL = 0;
				GCC_PREPROCESSOR_DEFINITIONS = (
					"DEBUG=1",
					"$(inherited)",
				);
				GCC_WARN_64_TO_32_BIT_CONVERSION = YES;
				GCC_WARN_ABOUT_RETURN_TYPE = YES_ERROR;
				GCC_WARN_UNDECLARED_SELECTOR = YES;
				GCC_WARN_UNINITIALIZED_AUTOS = YES_AGGRESSIVE;
				GCC_WARN_UNUSED_FUNCTION = YES;
				GCC_WARN_UNUSED_VARIABLE = YES;
				IPHONEOS_DEPLOYMENT_TARGET = 13.5;
				MTL_ENABLE_DEBUG_INFO = INCLUDE_SOURCE;
				MTL_FAST_MATH = YES;
				ONLY_ACTIVE_ARCH = YES;
				SDKROOT = iphoneos;
				SWIFT_ACTIVE_COMPILATION_CONDITIONS = DEBUG;
				SWIFT_OPTIMIZATION_LEVEL = "-Onone";
			};
			name = Debug;
		};
		F49513AA24953F4A00AA5D8D /* Release */ = {
			isa = XCBuildConfiguration;
			buildSettings = {
				ALWAYS_SEARCH_USER_PATHS = NO;
				CLANG_ANALYZER_NONNULL = YES;
				CLANG_ANALYZER_NUMBER_OBJECT_CONVERSION = YES_AGGRESSIVE;
				CLANG_CXX_LANGUAGE_STANDARD = "gnu++14";
				CLANG_CXX_LIBRARY = "libc++";
				CLANG_ENABLE_MODULES = YES;
				CLANG_ENABLE_OBJC_ARC = YES;
				CLANG_ENABLE_OBJC_WEAK = YES;
				CLANG_WARN_BLOCK_CAPTURE_AUTORELEASING = YES;
				CLANG_WARN_BOOL_CONVERSION = YES;
				CLANG_WARN_COMMA = YES;
				CLANG_WARN_CONSTANT_CONVERSION = YES;
				CLANG_WARN_DEPRECATED_OBJC_IMPLEMENTATIONS = YES;
				CLANG_WARN_DIRECT_OBJC_ISA_USAGE = YES_ERROR;
				CLANG_WARN_DOCUMENTATION_COMMENTS = YES;
				CLANG_WARN_EMPTY_BODY = YES;
				CLANG_WARN_ENUM_CONVERSION = YES;
				CLANG_WARN_INFINITE_RECURSION = YES;
				CLANG_WARN_INT_CONVERSION = YES;
				CLANG_WARN_NON_LITERAL_NULL_CONVERSION = YES;
				CLANG_WARN_OBJC_IMPLICIT_RETAIN_SELF = YES;
				CLANG_WARN_OBJC_LITERAL_CONVERSION = YES;
				CLANG_WARN_OBJC_ROOT_CLASS = YES_ERROR;
				CLANG_WARN_RANGE_LOOP_ANALYSIS = YES;
				CLANG_WARN_STRICT_PROTOTYPES = YES;
				CLANG_WARN_SUSPICIOUS_MOVE = YES;
				CLANG_WARN_UNGUARDED_AVAILABILITY = YES_AGGRESSIVE;
				CLANG_WARN_UNREACHABLE_CODE = YES;
				CLANG_WARN__DUPLICATE_METHOD_MATCH = YES;
				COPY_PHASE_STRIP = NO;
				DEBUG_INFORMATION_FORMAT = "dwarf-with-dsym";
				ENABLE_NS_ASSERTIONS = NO;
				ENABLE_STRICT_OBJC_MSGSEND = YES;
				GCC_C_LANGUAGE_STANDARD = gnu11;
				GCC_NO_COMMON_BLOCKS = YES;
				GCC_WARN_64_TO_32_BIT_CONVERSION = YES;
				GCC_WARN_ABOUT_RETURN_TYPE = YES_ERROR;
				GCC_WARN_UNDECLARED_SELECTOR = YES;
				GCC_WARN_UNINITIALIZED_AUTOS = YES_AGGRESSIVE;
				GCC_WARN_UNUSED_FUNCTION = YES;
				GCC_WARN_UNUSED_VARIABLE = YES;
				IPHONEOS_DEPLOYMENT_TARGET = 13.5;
				MTL_ENABLE_DEBUG_INFO = NO;
				MTL_FAST_MATH = YES;
				SDKROOT = iphoneos;
				SWIFT_COMPILATION_MODE = wholemodule;
				SWIFT_OPTIMIZATION_LEVEL = "-O";
				VALIDATE_PRODUCT = YES;
			};
			name = Release;
		};
		F49513AC24953F4A00AA5D8D /* Debug */ = {
			isa = XCBuildConfiguration;
			buildSettings = {
				ASSETCATALOG_COMPILER_APPICON_NAME = AppIcon;
				CODE_SIGN_STYLE = Automatic;
				DEVELOPMENT_ASSET_PATHS = "\"Scratch/Preview Content\"";
				ENABLE_PREVIEWS = YES;
				INFOPLIST_FILE = Scratch/Info.plist;
				LD_RUNPATH_SEARCH_PATHS = (
					"$(inherited)",
					"@executable_path/Frameworks",
				);
				PRODUCT_BUNDLE_IDENTIFIER = hexdreams.Scratch;
				PRODUCT_NAME = "$(TARGET_NAME)";
				SWIFT_VERSION = 5.0;
				TARGETED_DEVICE_FAMILY = "1,2";
			};
			name = Debug;
		};
		F49513AD24953F4A00AA5D8D /* Release */ = {
			isa = XCBuildConfiguration;
			buildSettings = {
				ASSETCATALOG_COMPILER_APPICON_NAME = AppIcon;
				CODE_SIGN_STYLE = Automatic;
				DEVELOPMENT_ASSET_PATHS = "\"Scratch/Preview Content\"";
				ENABLE_PREVIEWS = YES;
				INFOPLIST_FILE = Scratch/Info.plist;
				LD_RUNPATH_SEARCH_PATHS = (
					"$(inherited)",
					"@executable_path/Frameworks",
				);
				PRODUCT_BUNDLE_IDENTIFIER = hexdreams.Scratch;
				PRODUCT_NAME = "$(TARGET_NAME)";
				SWIFT_VERSION = 5.0;
				TARGETED_DEVICE_FAMILY = "1,2";
			};
			name = Release;
		};
		F49513AF24953F4A00AA5D8D /* Debug */ = {
			isa = XCBuildConfiguration;
			buildSettings = {
				ALWAYS_EMBED_SWIFT_STANDARD_LIBRARIES = YES;
				BUNDLE_LOADER = "$(TEST_HOST)";
				CODE_SIGN_STYLE = Automatic;
				INFOPLIST_FILE = ScratchTests/Info.plist;
				IPHONEOS_DEPLOYMENT_TARGET = 13.5;
				LD_RUNPATH_SEARCH_PATHS = (
					"$(inherited)",
					"@executable_path/Frameworks",
					"@loader_path/Frameworks",
				);
				PRODUCT_BUNDLE_IDENTIFIER = hexdreams.ScratchTests;
				PRODUCT_NAME = "$(TARGET_NAME)";
				SWIFT_VERSION = 5.0;
				TARGETED_DEVICE_FAMILY = "1,2";
				TEST_HOST = "$(BUILT_PRODUCTS_DIR)/Scratch.app/Scratch";
			};
			name = Debug;
		};
		F49513B024953F4A00AA5D8D /* Release */ = {
			isa = XCBuildConfiguration;
			buildSettings = {
				ALWAYS_EMBED_SWIFT_STANDARD_LIBRARIES = YES;
				BUNDLE_LOADER = "$(TEST_HOST)";
				CODE_SIGN_STYLE = Automatic;
				INFOPLIST_FILE = ScratchTests/Info.plist;
				IPHONEOS_DEPLOYMENT_TARGET = 13.5;
				LD_RUNPATH_SEARCH_PATHS = (
					"$(inherited)",
					"@executable_path/Frameworks",
					"@loader_path/Frameworks",
				);
				PRODUCT_BUNDLE_IDENTIFIER = hexdreams.ScratchTests;
				PRODUCT_NAME = "$(TARGET_NAME)";
				SWIFT_VERSION = 5.0;
				TARGETED_DEVICE_FAMILY = "1,2";
				TEST_HOST = "$(BUILT_PRODUCTS_DIR)/Scratch.app/Scratch";
			};
			name = Release;
		};
		F49513B224953F4A00AA5D8D /* Debug */ = {
			isa = XCBuildConfiguration;
			buildSettings = {
				ALWAYS_EMBED_SWIFT_STANDARD_LIBRARIES = YES;
				CODE_SIGN_STYLE = Automatic;
				INFOPLIST_FILE = ScratchUITests/Info.plist;
				LD_RUNPATH_SEARCH_PATHS = (
					"$(inherited)",
					"@executable_path/Frameworks",
					"@loader_path/Frameworks",
				);
				PRODUCT_BUNDLE_IDENTIFIER = hexdreams.ScratchUITests;
				PRODUCT_NAME = "$(TARGET_NAME)";
				SWIFT_VERSION = 5.0;
				TARGETED_DEVICE_FAMILY = "1,2";
				TEST_TARGET_NAME = Scratch;
			};
			name = Debug;
		};
		F49513B324953F4A00AA5D8D /* Release */ = {
			isa = XCBuildConfiguration;
			buildSettings = {
				ALWAYS_EMBED_SWIFT_STANDARD_LIBRARIES = YES;
				CODE_SIGN_STYLE = Automatic;
				INFOPLIST_FILE = ScratchUITests/Info.plist;
				LD_RUNPATH_SEARCH_PATHS = (
					"$(inherited)",
					"@executable_path/Frameworks",
					"@loader_path/Frameworks",
				);
				PRODUCT_BUNDLE_IDENTIFIER = hexdreams.ScratchUITests;
				PRODUCT_NAME = "$(TARGET_NAME)";
				SWIFT_VERSION = 5.0;
				TARGETED_DEVICE_FAMILY = "1,2";
				TEST_TARGET_NAME = Scratch;
			};
			name = Release;
		};
/* End XCBuildConfiguration section */

/* Begin XCConfigurationList section */
		F495137C24953F4500AA5D8D /* Build configuration list for PBXProject "Scratch" */ = {
			isa = XCConfigurationList;
			buildConfigurations = (
				F49513A924953F4A00AA5D8D /* Debug */,
				F49513AA24953F4A00AA5D8D /* Release */,
			);
			defaultConfigurationIsVisible = 0;
			defaultConfigurationName = Release;
		};
		F49513AB24953F4A00AA5D8D /* Build configuration list for PBXNativeTarget "Scratch" */ = {
			isa = XCConfigurationList;
			buildConfigurations = (
				F49513AC24953F4A00AA5D8D /* Debug */,
				F49513AD24953F4A00AA5D8D /* Release */,
			);
			defaultConfigurationIsVisible = 0;
			defaultConfigurationName = Release;
		};
		F49513AE24953F4A00AA5D8D /* Build configuration list for PBXNativeTarget "ScratchTests" */ = {
			isa = XCConfigurationList;
			buildConfigurations = (
				F49513AF24953F4A00AA5D8D /* Debug */,
				F49513B024953F4A00AA5D8D /* Release */,
			);
			defaultConfigurationIsVisible = 0;
			defaultConfigurationName = Release;
		};
		F49513B124953F4A00AA5D8D /* Build configuration list for PBXNativeTarget "ScratchUITests" */ = {
			isa = XCConfigurationList;
			buildConfigurations = (
				F49513B224953F4A00AA5D8D /* Debug */,
				F49513B324953F4A00AA5D8D /* Release */,
			);
			defaultConfigurationIsVisible = 0;
			defaultConfigurationName = Release;
		};
/* End XCConfigurationList section */
	};
	rootObject = F495137924953F4500AA5D8D /* Project object */;
}
