// !$*UTF8*$!
{
	archiveVersion = 1;
	classes = {
	};
	objectVersion = 50;
	objects = {

/* Begin PBXBuildFile section */
		F464A67024A3C57A002440AC /* AppDelegate.swift in Sources */ = {isa = PBXBuildFile; fileRef = F464A66F24A3C57A002440AC /* AppDelegate.swift */; };
		F464A67224A3C57A002440AC /* SceneDelegate.swift in Sources */ = {isa = PBXBuildFile; fileRef = F464A67124A3C57A002440AC /* SceneDelegate.swift */; };
		F464A67424A3C57A002440AC /* ContentView.swift in Sources */ = {isa = PBXBuildFile; fileRef = F464A67324A3C57A002440AC /* ContentView.swift */; };
		F464A67624A3C57D002440AC /* Assets.xcassets in Resources */ = {isa = PBXBuildFile; fileRef = F464A67524A3C57D002440AC /* Assets.xcassets */; };
		F464A67924A3C57D002440AC /* Preview Assets.xcassets in Resources */ = {isa = PBXBuildFile; fileRef = F464A67824A3C57D002440AC /* Preview Assets.xcassets */; };
		F464A67C24A3C57D002440AC /* LaunchScreen.storyboard in Resources */ = {isa = PBXBuildFile; fileRef = F464A67A24A3C57D002440AC /* LaunchScreen.storyboard */; };
		F464A68724A3C57D002440AC /* iOCRTests.swift in Sources */ = {isa = PBXBuildFile; fileRef = F464A68624A3C57D002440AC /* iOCRTests.swift */; };
		F464B28724A6B35F002440AC /* libjpeg.a in Frameworks */ = {isa = PBXBuildFile; fileRef = F464B28624A6B346002440AC /* libjpeg.a */; };
		F464B28824A6B372002440AC /* liblept.a in Frameworks */ = {isa = PBXBuildFile; fileRef = F464B28224A6B346002440AC /* liblept.a */; };
		F464B28924A6B372002440AC /* libpng16.a in Frameworks */ = {isa = PBXBuildFile; fileRef = F464B28324A6B346002440AC /* libpng16.a */; };
		F464B28A24A6B382002440AC /* libtesseract.a in Frameworks */ = {isa = PBXBuildFile; fileRef = F464B28524A6B346002440AC /* libtesseract.a */; };
		F464B28B24A6B382002440AC /* libtiff.a in Frameworks */ = {isa = PBXBuildFile; fileRef = F464B28424A6B346002440AC /* libtiff.a */; };
		F464B28D24A6B39C002440AC /* libz.tbd in Frameworks */ = {isa = PBXBuildFile; fileRef = F464B28C24A6B393002440AC /* libz.tbd */; };
		F464B28F24A6B3AF002440AC /* libc++.tbd in Frameworks */ = {isa = PBXBuildFile; fileRef = F464B28E24A6B3A5002440AC /* libc++.tbd */; };
		F464B93F24A6BCEE002440AC /* share in Resources */ = {isa = PBXBuildFile; fileRef = F464B93E24A6BCEE002440AC /* share */; };
		F464B94024A6BCEE002440AC /* share in Resources */ = {isa = PBXBuildFile; fileRef = F464B93E24A6BCEE002440AC /* share */; };
		F499D41624AAC49100B5EF87 /* Recognizer.swift in Sources */ = {isa = PBXBuildFile; fileRef = F499D41524AAC49100B5EF87 /* Recognizer.swift */; };
/* End PBXBuildFile section */

/* Begin PBXContainerItemProxy section */
		F464A68324A3C57D002440AC /* PBXContainerItemProxy */ = {
			isa = PBXContainerItemProxy;
			containerPortal = F464A66424A3C57A002440AC /* Project object */;
			proxyType = 1;
			remoteGlobalIDString = F464A66B24A3C57A002440AC;
			remoteInfo = iOCR;
		};
/* End PBXContainerItemProxy section */

/* Begin PBXFileReference section */
		F464A66C24A3C57A002440AC /* iOCR.app */ = {isa = PBXFileReference; explicitFileType = wrapper.application; includeInIndex = 0; path = iOCR.app; sourceTree = BUILT_PRODUCTS_DIR; };
		F464A66F24A3C57A002440AC /* AppDelegate.swift */ = {isa = PBXFileReference; lastKnownFileType = sourcecode.swift; path = AppDelegate.swift; sourceTree = "<group>"; };
		F464A67124A3C57A002440AC /* SceneDelegate.swift */ = {isa = PBXFileReference; lastKnownFileType = sourcecode.swift; path = SceneDelegate.swift; sourceTree = "<group>"; };
		F464A67324A3C57A002440AC /* ContentView.swift */ = {isa = PBXFileReference; lastKnownFileType = sourcecode.swift; path = ContentView.swift; sourceTree = "<group>"; };
		F464A67524A3C57D002440AC /* Assets.xcassets */ = {isa = PBXFileReference; lastKnownFileType = folder.assetcatalog; path = Assets.xcassets; sourceTree = "<group>"; };
		F464A67824A3C57D002440AC /* Preview Assets.xcassets */ = {isa = PBXFileReference; lastKnownFileType = folder.assetcatalog; path = "Preview Assets.xcassets"; sourceTree = "<group>"; };
		F464A67B24A3C57D002440AC /* Base */ = {isa = PBXFileReference; lastKnownFileType = file.storyboard; name = Base; path = Base.lproj/LaunchScreen.storyboard; sourceTree = "<group>"; };
		F464A67D24A3C57D002440AC /* Info.plist */ = {isa = PBXFileReference; lastKnownFileType = text.plist.xml; path = Info.plist; sourceTree = "<group>"; };
		F464A68224A3C57D002440AC /* iOCRTests.xctest */ = {isa = PBXFileReference; explicitFileType = wrapper.cfbundle; includeInIndex = 0; path = iOCRTests.xctest; sourceTree = BUILT_PRODUCTS_DIR; };
		F464A68624A3C57D002440AC /* iOCRTests.swift */ = {isa = PBXFileReference; lastKnownFileType = sourcecode.swift; path = iOCRTests.swift; sourceTree = "<group>"; };
		F464A68824A3C57D002440AC /* Info.plist */ = {isa = PBXFileReference; lastKnownFileType = text.plist.xml; path = Info.plist; sourceTree = "<group>"; };
		F464A69124A3C57D002440AC /* iOCRUITests.swift */ = {isa = PBXFileReference; lastKnownFileType = sourcecode.swift; path = iOCRUITests.swift; sourceTree = "<group>"; };
		F464A69324A3C57D002440AC /* Info.plist */ = {isa = PBXFileReference; lastKnownFileType = text.plist.xml; path = Info.plist; sourceTree = "<group>"; };
		F464B28224A6B346002440AC /* liblept.a */ = {isa = PBXFileReference; lastKnownFileType = archive.ar; name = liblept.a; path = ../Root/lib/liblept.a; sourceTree = "<group>"; };
		F464B28324A6B346002440AC /* libpng16.a */ = {isa = PBXFileReference; lastKnownFileType = archive.ar; name = libpng16.a; path = ../Root/lib/libpng16.a; sourceTree = "<group>"; };
		F464B28424A6B346002440AC /* libtiff.a */ = {isa = PBXFileReference; lastKnownFileType = archive.ar; name = libtiff.a; path = ../Root/lib/libtiff.a; sourceTree = "<group>"; };
		F464B28524A6B346002440AC /* libtesseract.a */ = {isa = PBXFileReference; lastKnownFileType = archive.ar; name = libtesseract.a; path = ../Root/lib/libtesseract.a; sourceTree = "<group>"; };
		F464B28624A6B346002440AC /* libjpeg.a */ = {isa = PBXFileReference; lastKnownFileType = archive.ar; name = libjpeg.a; path = ../Root/lib/libjpeg.a; sourceTree = "<group>"; };
		F464B28C24A6B393002440AC /* libz.tbd */ = {isa = PBXFileReference; lastKnownFileType = "sourcecode.text-based-dylib-definition"; name = libz.tbd; path = usr/lib/libz.tbd; sourceTree = SDKROOT; };
		F464B28E24A6B3A5002440AC /* libc++.tbd */ = {isa = PBXFileReference; lastKnownFileType = "sourcecode.text-based-dylib-definition"; name = "libc++.tbd"; path = "usr/lib/libc++.tbd"; sourceTree = SDKROOT; };
		F464B93E24A6BCEE002440AC /* share */ = {isa = PBXFileReference; lastKnownFileType = folder; name = share; path = ../../Root/share; sourceTree = "<group>"; };
		F499D41524AAC49100B5EF87 /* Recognizer.swift */ = {isa = PBXFileReference; lastKnownFileType = sourcecode.swift; path = Recognizer.swift; sourceTree = "<group>"; };
/* End PBXFileReference section */

/* Begin PBXFrameworksBuildPhase section */
		F464A66924A3C57A002440AC /* Frameworks */ = {
			isa = PBXFrameworksBuildPhase;
			buildActionMask = 2147483647;
			files = (
				F464B28824A6B372002440AC /* liblept.a in Frameworks */,
				F464B28F24A6B3AF002440AC /* libc++.tbd in Frameworks */,
				F464B28D24A6B39C002440AC /* libz.tbd in Frameworks */,
				F464B28724A6B35F002440AC /* libjpeg.a in Frameworks */,
				F464B28A24A6B382002440AC /* libtesseract.a in Frameworks */,
				F464B28924A6B372002440AC /* libpng16.a in Frameworks */,
				F464B28B24A6B382002440AC /* libtiff.a in Frameworks */,
			);
			runOnlyForDeploymentPostprocessing = 0;
		};
		F464A67F24A3C57D002440AC /* Frameworks */ = {
			isa = PBXFrameworksBuildPhase;
			buildActionMask = 2147483647;
			files = (
			);
			runOnlyForDeploymentPostprocessing = 0;
		};
/* End PBXFrameworksBuildPhase section */

/* Begin PBXGroup section */
		F464A66324A3C57A002440AC = {
			isa = PBXGroup;
			children = (
				F464A66E24A3C57A002440AC /* iOCR */,
				F464A68524A3C57D002440AC /* iOCRTests */,
				F464A69024A3C57D002440AC /* iOCRUITests */,
				F464A66D24A3C57A002440AC /* Products */,
				F464B28124A6B346002440AC /* Frameworks */,
			);
			sourceTree = "<group>";
		};
		F464A66D24A3C57A002440AC /* Products */ = {
			isa = PBXGroup;
			children = (
				F464A66C24A3C57A002440AC /* iOCR.app */,
				F464A68224A3C57D002440AC /* iOCRTests.xctest */,
			);
			name = Products;
			sourceTree = "<group>";
		};
		F464A66E24A3C57A002440AC /* iOCR */ = {
			isa = PBXGroup;
			children = (
				F464B93E24A6BCEE002440AC /* share */,
				F464A66F24A3C57A002440AC /* AppDelegate.swift */,
				F464A67124A3C57A002440AC /* SceneDelegate.swift */,
				F464A67324A3C57A002440AC /* ContentView.swift */,
				F464A67524A3C57D002440AC /* Assets.xcassets */,
				F464A67A24A3C57D002440AC /* LaunchScreen.storyboard */,
				F464A67D24A3C57D002440AC /* Info.plist */,
				F464A67724A3C57D002440AC /* Preview Content */,
				F499D41524AAC49100B5EF87 /* Recognizer.swift */,
			);
			path = iOCR;
			sourceTree = "<group>";
		};
		F464A67724A3C57D002440AC /* Preview Content */ = {
			isa = PBXGroup;
			children = (
				F464A67824A3C57D002440AC /* Preview Assets.xcassets */,
			);
			path = "Preview Content";
			sourceTree = "<group>";
		};
		F464A68524A3C57D002440AC /* iOCRTests */ = {
			isa = PBXGroup;
			children = (
				F464A68624A3C57D002440AC /* iOCRTests.swift */,
				F464A68824A3C57D002440AC /* Info.plist */,
			);
			path = iOCRTests;
			sourceTree = "<group>";
		};
		F464A69024A3C57D002440AC /* iOCRUITests */ = {
			isa = PBXGroup;
			children = (
				F464A69124A3C57D002440AC /* iOCRUITests.swift */,
				F464A69324A3C57D002440AC /* Info.plist */,
			);
			path = iOCRUITests;
			sourceTree = "<group>";
		};
		F464B28124A6B346002440AC /* Frameworks */ = {
			isa = PBXGroup;
			children = (
				F464B28E24A6B3A5002440AC /* libc++.tbd */,
				F464B28C24A6B393002440AC /* libz.tbd */,
				F464B28624A6B346002440AC /* libjpeg.a */,
				F464B28224A6B346002440AC /* liblept.a */,
				F464B28324A6B346002440AC /* libpng16.a */,
				F464B28524A6B346002440AC /* libtesseract.a */,
				F464B28424A6B346002440AC /* libtiff.a */,
			);
			name = Frameworks;
			sourceTree = "<group>";
		};
/* End PBXGroup section */

/* Begin PBXNativeTarget section */
		F464A66B24A3C57A002440AC /* iOCR */ = {
			isa = PBXNativeTarget;
			buildConfigurationList = F464A69624A3C57D002440AC /* Build configuration list for PBXNativeTarget "iOCR" */;
			buildPhases = (
				F464A66824A3C57A002440AC /* Sources */,
				F464A66924A3C57A002440AC /* Frameworks */,
				F464A66A24A3C57A002440AC /* Resources */,
			);
			buildRules = (
			);
			dependencies = (
			);
			name = iOCR;
			productName = iOCR;
			productReference = F464A66C24A3C57A002440AC /* iOCR.app */;
			productType = "com.apple.product-type.application";
		};
		F464A68124A3C57D002440AC /* iOCRTests */ = {
			isa = PBXNativeTarget;
			buildConfigurationList = F464A69924A3C57D002440AC /* Build configuration list for PBXNativeTarget "iOCRTests" */;
			buildPhases = (
				F464A67E24A3C57D002440AC /* Sources */,
				F464A67F24A3C57D002440AC /* Frameworks */,
				F464A68024A3C57D002440AC /* Resources */,
			);
			buildRules = (
			);
			dependencies = (
				F464A68424A3C57D002440AC /* PBXTargetDependency */,
			);
			name = iOCRTests;
			productName = iOCRTests;
			productReference = F464A68224A3C57D002440AC /* iOCRTests.xctest */;
			productType = "com.apple.product-type.bundle.unit-test";
		};
/* End PBXNativeTarget section */

/* Begin PBXProject section */
		F464A66424A3C57A002440AC /* Project object */ = {
			isa = PBXProject;
			attributes = {
				LastSwiftUpdateCheck = 1150;
				LastUpgradeCheck = 1150;
				ORGANIZATIONNAME = "Zach Young";
				TargetAttributes = {
					F464A66B24A3C57A002440AC = {
						CreatedOnToolsVersion = 11.5;
					};
					F464A68124A3C57D002440AC = {
						CreatedOnToolsVersion = 11.5;
						TestTargetID = F464A66B24A3C57A002440AC;
					};
				};
			};
			buildConfigurationList = F464A66724A3C57A002440AC /* Build configuration list for PBXProject "iOCR" */;
			compatibilityVersion = "Xcode 9.3";
			developmentRegion = en;
			hasScannedForEncodings = 0;
			knownRegions = (
				en,
				Base,
			);
			mainGroup = F464A66324A3C57A002440AC;
			productRefGroup = F464A66D24A3C57A002440AC /* Products */;
			projectDirPath = "";
			projectRoot = "";
			targets = (
				F464A66B24A3C57A002440AC /* iOCR */,
				F464A68124A3C57D002440AC /* iOCRTests */,
			);
		};
/* End PBXProject section */

/* Begin PBXResourcesBuildPhase section */
		F464A66A24A3C57A002440AC /* Resources */ = {
			isa = PBXResourcesBuildPhase;
			buildActionMask = 2147483647;
			files = (
				F464B93F24A6BCEE002440AC /* share in Resources */,
				F464A67C24A3C57D002440AC /* LaunchScreen.storyboard in Resources */,
				F464A67924A3C57D002440AC /* Preview Assets.xcassets in Resources */,
				F464A67624A3C57D002440AC /* Assets.xcassets in Resources */,
			);
			runOnlyForDeploymentPostprocessing = 0;
		};
		F464A68024A3C57D002440AC /* Resources */ = {
			isa = PBXResourcesBuildPhase;
			buildActionMask = 2147483647;
			files = (
				F464B94024A6BCEE002440AC /* share in Resources */,
			);
			runOnlyForDeploymentPostprocessing = 0;
		};
/* End PBXResourcesBuildPhase section */

/* Begin PBXSourcesBuildPhase section */
		F464A66824A3C57A002440AC /* Sources */ = {
			isa = PBXSourcesBuildPhase;
			buildActionMask = 2147483647;
			files = (
				F499D41624AAC49100B5EF87 /* Recognizer.swift in Sources */,
				F464A67024A3C57A002440AC /* AppDelegate.swift in Sources */,
				F464A67224A3C57A002440AC /* SceneDelegate.swift in Sources */,
				F464A67424A3C57A002440AC /* ContentView.swift in Sources */,
			);
			runOnlyForDeploymentPostprocessing = 0;
		};
		F464A67E24A3C57D002440AC /* Sources */ = {
			isa = PBXSourcesBuildPhase;
			buildActionMask = 2147483647;
			files = (
				F464A68724A3C57D002440AC /* iOCRTests.swift in Sources */,
			);
			runOnlyForDeploymentPostprocessing = 0;
		};
/* End PBXSourcesBuildPhase section */

/* Begin PBXTargetDependency section */
		F464A68424A3C57D002440AC /* PBXTargetDependency */ = {
			isa = PBXTargetDependency;
			target = F464A66B24A3C57A002440AC /* iOCR */;
			targetProxy = F464A68324A3C57D002440AC /* PBXContainerItemProxy */;
		};
/* End PBXTargetDependency section */

/* Begin PBXVariantGroup section */
		F464A67A24A3C57D002440AC /* LaunchScreen.storyboard */ = {
			isa = PBXVariantGroup;
			children = (
				F464A67B24A3C57D002440AC /* Base */,
			);
			name = LaunchScreen.storyboard;
			sourceTree = "<group>";
		};
/* End PBXVariantGroup section */

/* Begin XCBuildConfiguration section */
		F464A69424A3C57D002440AC /* Debug */ = {
			isa = XCBuildConfiguration;
			buildSettings = {
				ALWAYS_SEARCH_USER_PATHS = NO;
				CLANG_ANALYZER_NONNULL = YES;
				CLANG_ANALYZER_NUMBER_OBJECT_CONVERSION = YES_AGGRESSIVE;
				CLANG_CXX_LANGUAGE_STANDARD = "gnu++14";
				CLANG_CXX_LIBRARY = "libc++";
				CLANG_ENABLE_MODULES = YES;
				CLANG_ENABLE_OBJC_ARC = YES;
				CLANG_ENABLE_OBJC_WEAK = YES;
				CLANG_WARN_BLOCK_CAPTURE_AUTORELEASING = YES;
				CLANG_WARN_BOOL_CONVERSION = YES;
				CLANG_WARN_COMMA = YES;
				CLANG_WARN_CONSTANT_CONVERSION = YES;
				CLANG_WARN_DEPRECATED_OBJC_IMPLEMENTATIONS = YES;
				CLANG_WARN_DIRECT_OBJC_ISA_USAGE = YES_ERROR;
				CLANG_WARN_DOCUMENTATION_COMMENTS = YES;
				CLANG_WARN_EMPTY_BODY = YES;
				CLANG_WARN_ENUM_CONVERSION = YES;
				CLANG_WARN_INFINITE_RECURSION = YES;
				CLANG_WARN_INT_CONVERSION = YES;
				CLANG_WARN_NON_LITERAL_NULL_CONVERSION = YES;
				CLANG_WARN_OBJC_IMPLICIT_RETAIN_SELF = YES;
				CLANG_WARN_OBJC_LITERAL_CONVERSION = YES;
				CLANG_WARN_OBJC_ROOT_CLASS = YES_ERROR;
				CLANG_WARN_RANGE_LOOP_ANALYSIS = YES;
				CLANG_WARN_STRICT_PROTOTYPES = YES;
				CLANG_WARN_SUSPICIOUS_MOVE = YES;
				CLANG_WARN_UNGUARDED_AVAILABILITY = YES_AGGRESSIVE;
				CLANG_WARN_UNREACHABLE_CODE = YES;
				CLANG_WARN__DUPLICATE_METHOD_MATCH = YES;
				COPY_PHASE_STRIP = NO;
				DEBUG_INFORMATION_FORMAT = dwarf;
				ENABLE_STRICT_OBJC_MSGSEND = YES;
				ENABLE_TESTABILITY = YES;
				GCC_C_LANGUAGE_STANDARD = gnu11;
				GCC_DYNAMIC_NO_PIC = NO;
				GCC_NO_COMMON_BLOCKS = YES;
				GCC_OPTIMIZATION_LEVEL = 0;
				GCC_PREPROCESSOR_DEFINITIONS = (
					"DEBUG=1",
					"$(inherited)",
				);
				GCC_WARN_64_TO_32_BIT_CONVERSION = YES;
				GCC_WARN_ABOUT_RETURN_TYPE = YES_ERROR;
				GCC_WARN_UNDECLARED_SELECTOR = YES;
				GCC_WARN_UNINITIALIZED_AUTOS = YES_AGGRESSIVE;
				GCC_WARN_UNUSED_FUNCTION = YES;
				GCC_WARN_UNUSED_VARIABLE = YES;
				IPHONEOS_DEPLOYMENT_TARGET = 13.5;
				"LIBRARY_SEARCH_PATHS[arch=*]" = "$(PROJECT_DIR)/../Root/lib/**";
				MTL_ENABLE_DEBUG_INFO = INCLUDE_SOURCE;
				MTL_FAST_MATH = YES;
				ONLY_ACTIVE_ARCH = YES;
				SDKROOT = iphoneos;
				SWIFT_ACTIVE_COMPILATION_CONDITIONS = DEBUG;
				SWIFT_INCLUDE_PATHS = "";
				"SWIFT_INCLUDE_PATHS[arch=*]" = "$(PROJECT_DIR)/../Root/**";
				SWIFT_OPTIMIZATION_LEVEL = "-Onone";
			};
			name = Debug;
		};
		F464A69524A3C57D002440AC /* Release */ = {
			isa = XCBuildConfiguration;
			buildSettings = {
				ALWAYS_SEARCH_USER_PATHS = NO;
				CLANG_ANALYZER_NONNULL = YES;
				CLANG_ANALYZER_NUMBER_OBJECT_CONVERSION = YES_AGGRESSIVE;
				CLANG_CXX_LANGUAGE_STANDARD = "gnu++14";
				CLANG_CXX_LIBRARY = "libc++";
				CLANG_ENABLE_MODULES = YES;
				CLANG_ENABLE_OBJC_ARC = YES;
				CLANG_ENABLE_OBJC_WEAK = YES;
				CLANG_WARN_BLOCK_CAPTURE_AUTORELEASING = YES;
				CLANG_WARN_BOOL_CONVERSION = YES;
				CLANG_WARN_COMMA = YES;
				CLANG_WARN_CONSTANT_CONVERSION = YES;
				CLANG_WARN_DEPRECATED_OBJC_IMPLEMENTATIONS = YES;
				CLANG_WARN_DIRECT_OBJC_ISA_USAGE = YES_ERROR;
				CLANG_WARN_DOCUMENTATION_COMMENTS = YES;
				CLANG_WARN_EMPTY_BODY = YES;
				CLANG_WARN_ENUM_CONVERSION = YES;
				CLANG_WARN_INFINITE_RECURSION = YES;
				CLANG_WARN_INT_CONVERSION = YES;
				CLANG_WARN_NON_LITERAL_NULL_CONVERSION = YES;
				CLANG_WARN_OBJC_IMPLICIT_RETAIN_SELF = YES;
				CLANG_WARN_OBJC_LITERAL_CONVERSION = YES;
				CLANG_WARN_OBJC_ROOT_CLASS = YES_ERROR;
				CLANG_WARN_RANGE_LOOP_ANALYSIS = YES;
				CLANG_WARN_STRICT_PROTOTYPES = YES;
				CLANG_WARN_SUSPICIOUS_MOVE = YES;
				CLANG_WARN_UNGUARDED_AVAILABILITY = YES_AGGRESSIVE;
				CLANG_WARN_UNREACHABLE_CODE = YES;
				CLANG_WARN__DUPLICATE_METHOD_MATCH = YES;
				COPY_PHASE_STRIP = NO;
				DEBUG_INFORMATION_FORMAT = "dwarf-with-dsym";
				ENABLE_NS_ASSERTIONS = NO;
				ENABLE_STRICT_OBJC_MSGSEND = YES;
				GCC_C_LANGUAGE_STANDARD = gnu11;
				GCC_NO_COMMON_BLOCKS = YES;
				GCC_WARN_64_TO_32_BIT_CONVERSION = YES;
				GCC_WARN_ABOUT_RETURN_TYPE = YES_ERROR;
				GCC_WARN_UNDECLARED_SELECTOR = YES;
				GCC_WARN_UNINITIALIZED_AUTOS = YES_AGGRESSIVE;
				GCC_WARN_UNUSED_FUNCTION = YES;
				GCC_WARN_UNUSED_VARIABLE = YES;
				IPHONEOS_DEPLOYMENT_TARGET = 13.5;
				"LIBRARY_SEARCH_PATHS[arch=*]" = "$(PROJECT_DIR)/../Root/lib/**";
				MTL_ENABLE_DEBUG_INFO = NO;
				MTL_FAST_MATH = YES;
				SDKROOT = iphoneos;
				SWIFT_COMPILATION_MODE = wholemodule;
				"SWIFT_INCLUDE_PATHS[arch=*]" = "$(PROJECT_DIR)/../Root/**";
				SWIFT_OPTIMIZATION_LEVEL = "-O";
				VALIDATE_PRODUCT = YES;
			};
			name = Release;
		};
		F464A69724A3C57D002440AC /* Debug */ = {
			isa = XCBuildConfiguration;
			buildSettings = {
				ASSETCATALOG_COMPILER_APPICON_NAME = AppIcon;
				CODE_SIGN_STYLE = Automatic;
				DEVELOPMENT_ASSET_PATHS = "\"iOCR/Preview Content\"";
				ENABLE_PREVIEWS = YES;
				INFOPLIST_FILE = iOCR/Info.plist;
				LD_RUNPATH_SEARCH_PATHS = (
					"$(inherited)",
					"@executable_path/Frameworks",
				);
				PRODUCT_BUNDLE_IDENTIFIER = hexdreams.iOCR;
				PRODUCT_NAME = "$(TARGET_NAME)";
				SWIFT_VERSION = 5.0;
				TARGETED_DEVICE_FAMILY = "1,2";
			};
			name = Debug;
		};
		F464A69824A3C57D002440AC /* Release */ = {
			isa = XCBuildConfiguration;
			buildSettings = {
				ASSETCATALOG_COMPILER_APPICON_NAME = AppIcon;
				CODE_SIGN_STYLE = Automatic;
				DEVELOPMENT_ASSET_PATHS = "\"iOCR/Preview Content\"";
				ENABLE_PREVIEWS = YES;
				INFOPLIST_FILE = iOCR/Info.plist;
				LD_RUNPATH_SEARCH_PATHS = (
					"$(inherited)",
					"@executable_path/Frameworks",
				);
				PRODUCT_BUNDLE_IDENTIFIER = hexdreams.iOCR;
				PRODUCT_NAME = "$(TARGET_NAME)";
				SWIFT_VERSION = 5.0;
				TARGETED_DEVICE_FAMILY = "1,2";
			};
			name = Release;
		};
		F464A69A24A3C57D002440AC /* Debug */ = {
			isa = XCBuildConfiguration;
			buildSettings = {
				ALWAYS_EMBED_SWIFT_STANDARD_LIBRARIES = YES;
				BUNDLE_LOADER = "$(TEST_HOST)";
				CODE_SIGN_STYLE = Automatic;
				INFOPLIST_FILE = iOCRTests/Info.plist;
				IPHONEOS_DEPLOYMENT_TARGET = 13.5;
				LD_RUNPATH_SEARCH_PATHS = (
					"$(inherited)",
					"@executable_path/Frameworks",
					"@loader_path/Frameworks",
				);
				PRODUCT_BUNDLE_IDENTIFIER = hexdreams.iOCRTests;
				PRODUCT_NAME = "$(TARGET_NAME)";
				SWIFT_VERSION = 5.0;
				TARGETED_DEVICE_FAMILY = "1,2";
				TEST_HOST = "$(BUILT_PRODUCTS_DIR)/iOCR.app/iOCR";
			};
			name = Debug;
		};
		F464A69B24A3C57D002440AC /* Release */ = {
			isa = XCBuildConfiguration;
			buildSettings = {
				ALWAYS_EMBED_SWIFT_STANDARD_LIBRARIES = YES;
				BUNDLE_LOADER = "$(TEST_HOST)";
				CODE_SIGN_STYLE = Automatic;
				INFOPLIST_FILE = iOCRTests/Info.plist;
				IPHONEOS_DEPLOYMENT_TARGET = 13.5;
				LD_RUNPATH_SEARCH_PATHS = (
					"$(inherited)",
					"@executable_path/Frameworks",
					"@loader_path/Frameworks",
				);
				PRODUCT_BUNDLE_IDENTIFIER = hexdreams.iOCRTests;
				PRODUCT_NAME = "$(TARGET_NAME)";
				SWIFT_VERSION = 5.0;
				TARGETED_DEVICE_FAMILY = "1,2";
				TEST_HOST = "$(BUILT_PRODUCTS_DIR)/iOCR.app/iOCR";
			};
			name = Release;
		};
/* End XCBuildConfiguration section */

/* Begin XCConfigurationList section */
		F464A66724A3C57A002440AC /* Build configuration list for PBXProject "iOCR" */ = {
			isa = XCConfigurationList;
			buildConfigurations = (
				F464A69424A3C57D002440AC /* Debug */,
				F464A69524A3C57D002440AC /* Release */,
			);
			defaultConfigurationIsVisible = 0;
			defaultConfigurationName = Release;
		};
		F464A69624A3C57D002440AC /* Build configuration list for PBXNativeTarget "iOCR" */ = {
			isa = XCConfigurationList;
			buildConfigurations = (
				F464A69724A3C57D002440AC /* Debug */,
				F464A69824A3C57D002440AC /* Release */,
			);
			defaultConfigurationIsVisible = 0;
			defaultConfigurationName = Release;
		};
		F464A69924A3C57D002440AC /* Build configuration list for PBXNativeTarget "iOCRTests" */ = {
			isa = XCConfigurationList;
			buildConfigurations = (
				F464A69A24A3C57D002440AC /* Debug */,
				F464A69B24A3C57D002440AC /* Release */,
			);
			defaultConfigurationIsVisible = 0;
			defaultConfigurationName = Release;
		};
/* End XCConfigurationList section */
	};
	rootObject = F464A66424A3C57A002440AC /* Project object */;
}
