// !$*UTF8*$!
{
	archiveVersion = 1;
	classes = {
	};
	objectVersion = 50;
	objects = {

/* Begin PBXBuildFile section */
		F44D7DE525B0FEC600FF8379 /* Tests_iOS.swift in Sources */ = {isa = PBXBuildFile; fileRef = F44D7DE425B0FEC600FF8379 /* Tests_iOS.swift */; };
		F44D7DF025B0FEC600FF8379 /* Tests_macOS.swift in Sources */ = {isa = PBXBuildFile; fileRef = F44D7DEF25B0FEC600FF8379 /* Tests_macOS.swift */; };
		F44D7DF225B0FEC600FF8379 /* iOCRApp.swift in Sources */ = {isa = PBXBuildFile; fileRef = F44D7DC925B0FEC500FF8379 /* iOCRApp.swift */; };
		F44D7DF325B0FEC600FF8379 /* iOCRApp.swift in Sources */ = {isa = PBXBuildFile; fileRef = F44D7DC925B0FEC500FF8379 /* iOCRApp.swift */; };
		F44D7DF425B0FEC600FF8379 /* ContentView.swift in Sources */ = {isa = PBXBuildFile; fileRef = F44D7DCA25B0FEC500FF8379 /* ContentView.swift */; };
		F44D7DF525B0FEC600FF8379 /* ContentView.swift in Sources */ = {isa = PBXBuildFile; fileRef = F44D7DCA25B0FEC500FF8379 /* ContentView.swift */; };
		F44D7DF625B0FEC600FF8379 /* Assets.xcassets in Resources */ = {isa = PBXBuildFile; fileRef = F44D7DCB25B0FEC600FF8379 /* Assets.xcassets */; };
		F44D7DF725B0FEC600FF8379 /* Assets.xcassets in Resources */ = {isa = PBXBuildFile; fileRef = F44D7DCB25B0FEC600FF8379 /* Assets.xcassets */; };
/* End PBXBuildFile section */

/* Begin PBXContainerItemProxy section */
		F44D7DE125B0FEC600FF8379 /* PBXContainerItemProxy */ = {
			isa = PBXContainerItemProxy;
			containerPortal = F44D7DC425B0FEC500FF8379 /* Project object */;
			proxyType = 1;
			remoteGlobalIDString = F44D7DCF25B0FEC600FF8379;
			remoteInfo = "iOCR (iOS)";
		};
		F44D7DEC25B0FEC600FF8379 /* PBXContainerItemProxy */ = {
			isa = PBXContainerItemProxy;
			containerPortal = F44D7DC425B0FEC500FF8379 /* Project object */;
			proxyType = 1;
			remoteGlobalIDString = F44D7DD725B0FEC600FF8379;
			remoteInfo = "iOCR (macOS)";
		};
/* End PBXContainerItemProxy section */

/* Begin PBXFileReference section */
		F44D7DC925B0FEC500FF8379 /* iOCRApp.swift */ = {isa = PBXFileReference; lastKnownFileType = sourcecode.swift; path = iOCRApp.swift; sourceTree = "<group>"; };
		F44D7DCA25B0FEC500FF8379 /* ContentView.swift */ = {isa = PBXFileReference; lastKnownFileType = sourcecode.swift; path = ContentView.swift; sourceTree = "<group>"; };
		F44D7DCB25B0FEC600FF8379 /* Assets.xcassets */ = {isa = PBXFileReference; lastKnownFileType = folder.assetcatalog; path = Assets.xcassets; sourceTree = "<group>"; };
		F44D7DD025B0FEC600FF8379 /* iOCR.app */ = {isa = PBXFileReference; explicitFileType = wrapper.application; includeInIndex = 0; path = iOCR.app; sourceTree = BUILT_PRODUCTS_DIR; };
		F44D7DD325B0FEC600FF8379 /* Info.plist */ = {isa = PBXFileReference; lastKnownFileType = text.plist.xml; path = Info.plist; sourceTree = "<group>"; };
		F44D7DD825B0FEC600FF8379 /* iOCR.app */ = {isa = PBXFileReference; explicitFileType = wrapper.application; includeInIndex = 0; path = iOCR.app; sourceTree = BUILT_PRODUCTS_DIR; };
		F44D7DDA25B0FEC600FF8379 /* Info.plist */ = {isa = PBXFileReference; lastKnownFileType = text.plist.xml; path = Info.plist; sourceTree = "<group>"; };
		F44D7DDB25B0FEC600FF8379 /* macOS.entitlements */ = {isa = PBXFileReference; lastKnownFileType = text.plist.entitlements; path = macOS.entitlements; sourceTree = "<group>"; };
		F44D7DE025B0FEC600FF8379 /* Tests iOS.xctest */ = {isa = PBXFileReference; explicitFileType = wrapper.cfbundle; includeInIndex = 0; path = "Tests iOS.xctest"; sourceTree = BUILT_PRODUCTS_DIR; };
		F44D7DE425B0FEC600FF8379 /* Tests_iOS.swift */ = {isa = PBXFileReference; lastKnownFileType = sourcecode.swift; path = Tests_iOS.swift; sourceTree = "<group>"; };
		F44D7DE625B0FEC600FF8379 /* Info.plist */ = {isa = PBXFileReference; lastKnownFileType = text.plist.xml; path = Info.plist; sourceTree = "<group>"; };
		F44D7DEB25B0FEC600FF8379 /* Tests macOS.xctest */ = {isa = PBXFileReference; explicitFileType = wrapper.cfbundle; includeInIndex = 0; path = "Tests macOS.xctest"; sourceTree = BUILT_PRODUCTS_DIR; };
		F44D7DEF25B0FEC600FF8379 /* Tests_macOS.swift */ = {isa = PBXFileReference; lastKnownFileType = sourcecode.swift; path = Tests_macOS.swift; sourceTree = "<group>"; };
		F44D7DF125B0FEC600FF8379 /* Info.plist */ = {isa = PBXFileReference; lastKnownFileType = text.plist.xml; path = Info.plist; sourceTree = "<group>"; };
/* End PBXFileReference section */

/* Begin PBXFrameworksBuildPhase section */
		F44D7DCD25B0FEC600FF8379 /* Frameworks */ = {
			isa = PBXFrameworksBuildPhase;
			buildActionMask = 2147483647;
			files = (
			);
			runOnlyForDeploymentPostprocessing = 0;
		};
		F44D7DD525B0FEC600FF8379 /* Frameworks */ = {
			isa = PBXFrameworksBuildPhase;
			buildActionMask = 2147483647;
			files = (
			);
			runOnlyForDeploymentPostprocessing = 0;
		};
		F44D7DDD25B0FEC600FF8379 /* Frameworks */ = {
			isa = PBXFrameworksBuildPhase;
			buildActionMask = 2147483647;
			files = (
			);
			runOnlyForDeploymentPostprocessing = 0;
		};
		F44D7DE825B0FEC600FF8379 /* Frameworks */ = {
			isa = PBXFrameworksBuildPhase;
			buildActionMask = 2147483647;
			files = (
			);
			runOnlyForDeploymentPostprocessing = 0;
		};
/* End PBXFrameworksBuildPhase section */

/* Begin PBXGroup section */
		F44D7DC325B0FEC500FF8379 = {
			isa = PBXGroup;
			children = (
				F44D7DC825B0FEC500FF8379 /* Shared */,
				F44D7DD225B0FEC600FF8379 /* iOS */,
				F44D7DD925B0FEC600FF8379 /* macOS */,
				F44D7DE325B0FEC600FF8379 /* Tests iOS */,
				F44D7DEE25B0FEC600FF8379 /* Tests macOS */,
				F44D7DD125B0FEC600FF8379 /* Products */,
			);
			sourceTree = "<group>";
		};
		F44D7DC825B0FEC500FF8379 /* Shared */ = {
			isa = PBXGroup;
			children = (
				F44D7DC925B0FEC500FF8379 /* iOCRApp.swift */,
				F44D7DCA25B0FEC500FF8379 /* ContentView.swift */,
				F44D7DCB25B0FEC600FF8379 /* Assets.xcassets */,
			);
			path = Shared;
			sourceTree = "<group>";
		};
		F44D7DD125B0FEC600FF8379 /* Products */ = {
			isa = PBXGroup;
			children = (
				F44D7DD025B0FEC600FF8379 /* iOCR.app */,
				F44D7DD825B0FEC600FF8379 /* iOCR.app */,
				F44D7DE025B0FEC600FF8379 /* Tests iOS.xctest */,
				F44D7DEB25B0FEC600FF8379 /* Tests macOS.xctest */,
			);
			name = Products;
			sourceTree = "<group>";
		};
		F44D7DD225B0FEC600FF8379 /* iOS */ = {
			isa = PBXGroup;
			children = (
				F44D7DD325B0FEC600FF8379 /* Info.plist */,
			);
			path = iOS;
			sourceTree = "<group>";
		};
		F44D7DD925B0FEC600FF8379 /* macOS */ = {
			isa = PBXGroup;
			children = (
				F44D7DDA25B0FEC600FF8379 /* Info.plist */,
				F44D7DDB25B0FEC600FF8379 /* macOS.entitlements */,
			);
			path = macOS;
			sourceTree = "<group>";
		};
		F44D7DE325B0FEC600FF8379 /* Tests iOS */ = {
			isa = PBXGroup;
			children = (
				F44D7DE425B0FEC600FF8379 /* Tests_iOS.swift */,
				F44D7DE625B0FEC600FF8379 /* Info.plist */,
			);
			path = "Tests iOS";
			sourceTree = "<group>";
		};
		F44D7DEE25B0FEC600FF8379 /* Tests macOS */ = {
			isa = PBXGroup;
			children = (
				F44D7DEF25B0FEC600FF8379 /* Tests_macOS.swift */,
				F44D7DF125B0FEC600FF8379 /* Info.plist */,
			);
			path = "Tests macOS";
			sourceTree = "<group>";
		};
/* End PBXGroup section */

/* Begin PBXNativeTarget section */
		F44D7DCF25B0FEC600FF8379 /* iOCR (iOS) */ = {
			isa = PBXNativeTarget;
			buildConfigurationList = F44D7DFA25B0FEC600FF8379 /* Build configuration list for PBXNativeTarget "iOCR (iOS)" */;
			buildPhases = (
				F44D7DCC25B0FEC600FF8379 /* Sources */,
				F44D7DCD25B0FEC600FF8379 /* Frameworks */,
				F44D7DCE25B0FEC600FF8379 /* Resources */,
			);
			buildRules = (
			);
			dependencies = (
			);
			name = "iOCR (iOS)";
			productName = "iOCR (iOS)";
			productReference = F44D7DD025B0FEC600FF8379 /* iOCR.app */;
			productType = "com.apple.product-type.application";
		};
		F44D7DD725B0FEC600FF8379 /* iOCR (macOS) */ = {
			isa = PBXNativeTarget;
			buildConfigurationList = F44D7DFD25B0FEC600FF8379 /* Build configuration list for PBXNativeTarget "iOCR (macOS)" */;
			buildPhases = (
				F44D7DD425B0FEC600FF8379 /* Sources */,
				F44D7DD525B0FEC600FF8379 /* Frameworks */,
				F44D7DD625B0FEC600FF8379 /* Resources */,
			);
			buildRules = (
			);
			dependencies = (
			);
			name = "iOCR (macOS)";
			productName = "iOCR (macOS)";
			productReference = F44D7DD825B0FEC600FF8379 /* iOCR.app */;
			productType = "com.apple.product-type.application";
		};
		F44D7DDF25B0FEC600FF8379 /* Tests iOS */ = {
			isa = PBXNativeTarget;
			buildConfigurationList = F44D7E0025B0FEC600FF8379 /* Build configuration list for PBXNativeTarget "Tests iOS" */;
			buildPhases = (
				F44D7DDC25B0FEC600FF8379 /* Sources */,
				F44D7DDD25B0FEC600FF8379 /* Frameworks */,
				F44D7DDE25B0FEC600FF8379 /* Resources */,
			);
			buildRules = (
			);
			dependencies = (
				F44D7DE225B0FEC600FF8379 /* PBXTargetDependency */,
			);
			name = "Tests iOS";
			productName = "Tests iOS";
			productReference = F44D7DE025B0FEC600FF8379 /* Tests iOS.xctest */;
			productType = "com.apple.product-type.bundle.ui-testing";
		};
		F44D7DEA25B0FEC600FF8379 /* Tests macOS */ = {
			isa = PBXNativeTarget;
			buildConfigurationList = F44D7E0325B0FEC600FF8379 /* Build configuration list for PBXNativeTarget "Tests macOS" */;
			buildPhases = (
				F44D7DE725B0FEC600FF8379 /* Sources */,
				F44D7DE825B0FEC600FF8379 /* Frameworks */,
				F44D7DE925B0FEC600FF8379 /* Resources */,
			);
			buildRules = (
			);
			dependencies = (
				F44D7DED25B0FEC600FF8379 /* PBXTargetDependency */,
			);
			name = "Tests macOS";
			productName = "Tests macOS";
			productReference = F44D7DEB25B0FEC600FF8379 /* Tests macOS.xctest */;
			productType = "com.apple.product-type.bundle.ui-testing";
		};
/* End PBXNativeTarget section */

/* Begin PBXProject section */
		F44D7DC425B0FEC500FF8379 /* Project object */ = {
			isa = PBXProject;
			attributes = {
				LastSwiftUpdateCheck = 1230;
				LastUpgradeCheck = 1230;
				TargetAttributes = {
					F44D7DCF25B0FEC600FF8379 = {
						CreatedOnToolsVersion = 12.3;
					};
					F44D7DD725B0FEC600FF8379 = {
						CreatedOnToolsVersion = 12.3;
					};
					F44D7DDF25B0FEC600FF8379 = {
						CreatedOnToolsVersion = 12.3;
						TestTargetID = F44D7DCF25B0FEC600FF8379;
					};
					F44D7DEA25B0FEC600FF8379 = {
						CreatedOnToolsVersion = 12.3;
						TestTargetID = F44D7DD725B0FEC600FF8379;
					};
				};
			};
			buildConfigurationList = F44D7DC725B0FEC500FF8379 /* Build configuration list for PBXProject "iOCR" */;
			compatibilityVersion = "Xcode 9.3";
			developmentRegion = en;
			hasScannedForEncodings = 0;
			knownRegions = (
				en,
				Base,
			);
			mainGroup = F44D7DC325B0FEC500FF8379;
			productRefGroup = F44D7DD125B0FEC600FF8379 /* Products */;
			projectDirPath = "";
			projectRoot = "";
			targets = (
				F44D7DCF25B0FEC600FF8379 /* iOCR (iOS) */,
				F44D7DD725B0FEC600FF8379 /* iOCR (macOS) */,
				F44D7DDF25B0FEC600FF8379 /* Tests iOS */,
				F44D7DEA25B0FEC600FF8379 /* Tests macOS */,
			);
		};
/* End PBXProject section */

/* Begin PBXResourcesBuildPhase section */
		F44D7DCE25B0FEC600FF8379 /* Resources */ = {
			isa = PBXResourcesBuildPhase;
			buildActionMask = 2147483647;
			files = (
				F44D7DF625B0FEC600FF8379 /* Assets.xcassets in Resources */,
			);
			runOnlyForDeploymentPostprocessing = 0;
		};
		F44D7DD625B0FEC600FF8379 /* Resources */ = {
			isa = PBXResourcesBuildPhase;
			buildActionMask = 2147483647;
			files = (
				F44D7DF725B0FEC600FF8379 /* Assets.xcassets in Resources */,
			);
			runOnlyForDeploymentPostprocessing = 0;
		};
		F44D7DDE25B0FEC600FF8379 /* Resources */ = {
			isa = PBXResourcesBuildPhase;
			buildActionMask = 2147483647;
			files = (
			);
			runOnlyForDeploymentPostprocessing = 0;
		};
		F44D7DE925B0FEC600FF8379 /* Resources */ = {
			isa = PBXResourcesBuildPhase;
			buildActionMask = 2147483647;
			files = (
			);
			runOnlyForDeploymentPostprocessing = 0;
		};
/* End PBXResourcesBuildPhase section */

/* Begin PBXSourcesBuildPhase section */
		F44D7DCC25B0FEC600FF8379 /* Sources */ = {
			isa = PBXSourcesBuildPhase;
			buildActionMask = 2147483647;
			files = (
				F44D7DF425B0FEC600FF8379 /* ContentView.swift in Sources */,
				F44D7DF225B0FEC600FF8379 /* iOCRApp.swift in Sources */,
			);
			runOnlyForDeploymentPostprocessing = 0;
		};
		F44D7DD425B0FEC600FF8379 /* Sources */ = {
			isa = PBXSourcesBuildPhase;
			buildActionMask = 2147483647;
			files = (
				F44D7DF525B0FEC600FF8379 /* ContentView.swift in Sources */,
				F44D7DF325B0FEC600FF8379 /* iOCRApp.swift in Sources */,
			);
			runOnlyForDeploymentPostprocessing = 0;
		};
		F44D7DDC25B0FEC600FF8379 /* Sources */ = {
			isa = PBXSourcesBuildPhase;
			buildActionMask = 2147483647;
			files = (
				F44D7DE525B0FEC600FF8379 /* Tests_iOS.swift in Sources */,
			);
			runOnlyForDeploymentPostprocessing = 0;
		};
		F44D7DE725B0FEC600FF8379 /* Sources */ = {
			isa = PBXSourcesBuildPhase;
			buildActionMask = 2147483647;
			files = (
				F44D7DF025B0FEC600FF8379 /* Tests_macOS.swift in Sources */,
			);
			runOnlyForDeploymentPostprocessing = 0;
		};
/* End PBXSourcesBuildPhase section */

/* Begin PBXTargetDependency section */
		F44D7DE225B0FEC600FF8379 /* PBXTargetDependency */ = {
			isa = PBXTargetDependency;
			target = F44D7DCF25B0FEC600FF8379 /* iOCR (iOS) */;
			targetProxy = F44D7DE125B0FEC600FF8379 /* PBXContainerItemProxy */;
		};
		F44D7DED25B0FEC600FF8379 /* PBXTargetDependency */ = {
			isa = PBXTargetDependency;
			target = F44D7DD725B0FEC600FF8379 /* iOCR (macOS) */;
			targetProxy = F44D7DEC25B0FEC600FF8379 /* PBXContainerItemProxy */;
		};
/* End PBXTargetDependency section */

/* Begin XCBuildConfiguration section */
		F44D7DF825B0FEC600FF8379 /* Debug */ = {
			isa = XCBuildConfiguration;
			buildSettings = {
				ALWAYS_SEARCH_USER_PATHS = NO;
				CLANG_ANALYZER_NONNULL = YES;
				CLANG_ANALYZER_NUMBER_OBJECT_CONVERSION = YES_AGGRESSIVE;
				CLANG_CXX_LANGUAGE_STANDARD = "gnu++14";
				CLANG_CXX_LIBRARY = "libc++";
				CLANG_ENABLE_MODULES = YES;
				CLANG_ENABLE_OBJC_ARC = YES;
				CLANG_ENABLE_OBJC_WEAK = YES;
				CLANG_WARN_BLOCK_CAPTURE_AUTORELEASING = YES;
				CLANG_WARN_BOOL_CONVERSION = YES;
				CLANG_WARN_COMMA = YES;
				CLANG_WARN_CONSTANT_CONVERSION = YES;
				CLANG_WARN_DEPRECATED_OBJC_IMPLEMENTATIONS = YES;
				CLANG_WARN_DIRECT_OBJC_ISA_USAGE = YES_ERROR;
				CLANG_WARN_DOCUMENTATION_COMMENTS = YES;
				CLANG_WARN_EMPTY_BODY = YES;
				CLANG_WARN_ENUM_CONVERSION = YES;
				CLANG_WARN_INFINITE_RECURSION = YES;
				CLANG_WARN_INT_CONVERSION = YES;
				CLANG_WARN_NON_LITERAL_NULL_CONVERSION = YES;
				CLANG_WARN_OBJC_IMPLICIT_RETAIN_SELF = YES;
				CLANG_WARN_OBJC_LITERAL_CONVERSION = YES;
				CLANG_WARN_OBJC_ROOT_CLASS = YES_ERROR;
				CLANG_WARN_QUOTED_INCLUDE_IN_FRAMEWORK_HEADER = YES;
				CLANG_WARN_RANGE_LOOP_ANALYSIS = YES;
				CLANG_WARN_STRICT_PROTOTYPES = YES;
				CLANG_WARN_SUSPICIOUS_MOVE = YES;
				CLANG_WARN_UNGUARDED_AVAILABILITY = YES_AGGRESSIVE;
				CLANG_WARN_UNREACHABLE_CODE = YES;
				CLANG_WARN__DUPLICATE_METHOD_MATCH = YES;
				COPY_PHASE_STRIP = NO;
				DEBUG_INFORMATION_FORMAT = dwarf;
				ENABLE_STRICT_OBJC_MSGSEND = YES;
				ENABLE_TESTABILITY = YES;
				GCC_C_LANGUAGE_STANDARD = gnu11;
				GCC_DYNAMIC_NO_PIC = NO;
				GCC_NO_COMMON_BLOCKS = YES;
				GCC_OPTIMIZATION_LEVEL = 0;
				GCC_PREPROCESSOR_DEFINITIONS = (
					"DEBUG=1",
					"$(inherited)",
				);
				GCC_WARN_64_TO_32_BIT_CONVERSION = YES;
				GCC_WARN_ABOUT_RETURN_TYPE = YES_ERROR;
				GCC_WARN_UNDECLARED_SELECTOR = YES;
				GCC_WARN_UNINITIALIZED_AUTOS = YES_AGGRESSIVE;
				GCC_WARN_UNUSED_FUNCTION = YES;
				GCC_WARN_UNUSED_VARIABLE = YES;
				MTL_ENABLE_DEBUG_INFO = INCLUDE_SOURCE;
				MTL_FAST_MATH = YES;
				ONLY_ACTIVE_ARCH = YES;
				SWIFT_ACTIVE_COMPILATION_CONDITIONS = DEBUG;
				SWIFT_OPTIMIZATION_LEVEL = "-Onone";
			};
			name = Debug;
		};
		F44D7DF925B0FEC600FF8379 /* Release */ = {
			isa = XCBuildConfiguration;
			buildSettings = {
				ALWAYS_SEARCH_USER_PATHS = NO;
				CLANG_ANALYZER_NONNULL = YES;
				CLANG_ANALYZER_NUMBER_OBJECT_CONVERSION = YES_AGGRESSIVE;
				CLANG_CXX_LANGUAGE_STANDARD = "gnu++14";
				CLANG_CXX_LIBRARY = "libc++";
				CLANG_ENABLE_MODULES = YES;
				CLANG_ENABLE_OBJC_ARC = YES;
				CLANG_ENABLE_OBJC_WEAK = YES;
				CLANG_WARN_BLOCK_CAPTURE_AUTORELEASING = YES;
				CLANG_WARN_BOOL_CONVERSION = YES;
				CLANG_WARN_COMMA = YES;
				CLANG_WARN_CONSTANT_CONVERSION = YES;
				CLANG_WARN_DEPRECATED_OBJC_IMPLEMENTATIONS = YES;
				CLANG_WARN_DIRECT_OBJC_ISA_USAGE = YES_ERROR;
				CLANG_WARN_DOCUMENTATION_COMMENTS = YES;
				CLANG_WARN_EMPTY_BODY = YES;
				CLANG_WARN_ENUM_CONVERSION = YES;
				CLANG_WARN_INFINITE_RECURSION = YES;
				CLANG_WARN_INT_CONVERSION = YES;
				CLANG_WARN_NON_LITERAL_NULL_CONVERSION = YES;
				CLANG_WARN_OBJC_IMPLICIT_RETAIN_SELF = YES;
				CLANG_WARN_OBJC_LITERAL_CONVERSION = YES;
				CLANG_WARN_OBJC_ROOT_CLASS = YES_ERROR;
				CLANG_WARN_QUOTED_INCLUDE_IN_FRAMEWORK_HEADER = YES;
				CLANG_WARN_RANGE_LOOP_ANALYSIS = YES;
				CLANG_WARN_STRICT_PROTOTYPES = YES;
				CLANG_WARN_SUSPICIOUS_MOVE = YES;
				CLANG_WARN_UNGUARDED_AVAILABILITY = YES_AGGRESSIVE;
				CLANG_WARN_UNREACHABLE_CODE = YES;
				CLANG_WARN__DUPLICATE_METHOD_MATCH = YES;
				COPY_PHASE_STRIP = NO;
				DEBUG_INFORMATION_FORMAT = "dwarf-with-dsym";
				ENABLE_NS_ASSERTIONS = NO;
				ENABLE_STRICT_OBJC_MSGSEND = YES;
				GCC_C_LANGUAGE_STANDARD = gnu11;
				GCC_NO_COMMON_BLOCKS = YES;
				GCC_WARN_64_TO_32_BIT_CONVERSION = YES;
				GCC_WARN_ABOUT_RETURN_TYPE = YES_ERROR;
				GCC_WARN_UNDECLARED_SELECTOR = YES;
				GCC_WARN_UNINITIALIZED_AUTOS = YES_AGGRESSIVE;
				GCC_WARN_UNUSED_FUNCTION = YES;
				GCC_WARN_UNUSED_VARIABLE = YES;
				MTL_ENABLE_DEBUG_INFO = NO;
				MTL_FAST_MATH = YES;
				SWIFT_COMPILATION_MODE = wholemodule;
				SWIFT_OPTIMIZATION_LEVEL = "-O";
			};
			name = Release;
		};
		F44D7DFB25B0FEC600FF8379 /* Debug */ = {
			isa = XCBuildConfiguration;
			buildSettings = {
				ASSETCATALOG_COMPILER_APPICON_NAME = AppIcon;
				ASSETCATALOG_COMPILER_GLOBAL_ACCENT_COLOR_NAME = AccentColor;
				CODE_SIGN_STYLE = Automatic;
				DEVELOPMENT_TEAM = 68PACZTRF4;
				ENABLE_PREVIEWS = YES;
				INFOPLIST_FILE = iOS/Info.plist;
				IPHONEOS_DEPLOYMENT_TARGET = 14.0;
				LD_RUNPATH_SEARCH_PATHS = (
					"$(inherited)",
					"@executable_path/Frameworks",
				);
				PRODUCT_BUNDLE_IDENTIFIER = com.pokkinandpup.iOCR;
				PRODUCT_NAME = iOCR;
				SDKROOT = iphoneos;
				SWIFT_VERSION = 5.0;
				TARGETED_DEVICE_FAMILY = "1,2";
			};
			name = Debug;
		};
		F44D7DFC25B0FEC600FF8379 /* Release */ = {
			isa = XCBuildConfiguration;
			buildSettings = {
				ASSETCATALOG_COMPILER_APPICON_NAME = AppIcon;
				ASSETCATALOG_COMPILER_GLOBAL_ACCENT_COLOR_NAME = AccentColor;
				CODE_SIGN_STYLE = Automatic;
				DEVELOPMENT_TEAM = 68PACZTRF4;
				ENABLE_PREVIEWS = YES;
				INFOPLIST_FILE = iOS/Info.plist;
				IPHONEOS_DEPLOYMENT_TARGET = 14.0;
				LD_RUNPATH_SEARCH_PATHS = (
					"$(inherited)",
					"@executable_path/Frameworks",
				);
				PRODUCT_BUNDLE_IDENTIFIER = com.pokkinandpup.iOCR;
				PRODUCT_NAME = iOCR;
				SDKROOT = iphoneos;
				SWIFT_VERSION = 5.0;
				TARGETED_DEVICE_FAMILY = "1,2";
				VALIDATE_PRODUCT = YES;
			};
			name = Release;
		};
		F44D7DFE25B0FEC600FF8379 /* Debug */ = {
			isa = XCBuildConfiguration;
			buildSettings = {
				ASSETCATALOG_COMPILER_APPICON_NAME = AppIcon;
				ASSETCATALOG_COMPILER_GLOBAL_ACCENT_COLOR_NAME = AccentColor;
				CODE_SIGN_ENTITLEMENTS = macOS/macOS.entitlements;
				CODE_SIGN_STYLE = Automatic;
				COMBINE_HIDPI_IMAGES = YES;
				DEVELOPMENT_TEAM = 68PACZTRF4;
				ENABLE_HARDENED_RUNTIME = YES;
				ENABLE_PREVIEWS = YES;
				INFOPLIST_FILE = macOS/Info.plist;
				LD_RUNPATH_SEARCH_PATHS = (
					"$(inherited)",
					"@executable_path/../Frameworks",
				);
				MACOSX_DEPLOYMENT_TARGET = 11.0;
				PRODUCT_BUNDLE_IDENTIFIER = com.pokkinandpup.iOCR;
				PRODUCT_NAME = iOCR;
				SDKROOT = macosx;
				SWIFT_VERSION = 5.0;
			};
			name = Debug;
		};
		F44D7DFF25B0FEC600FF8379 /* Release */ = {
			isa = XCBuildConfiguration;
			buildSettings = {
				ASSETCATALOG_COMPILER_APPICON_NAME = AppIcon;
				ASSETCATALOG_COMPILER_GLOBAL_ACCENT_COLOR_NAME = AccentColor;
				CODE_SIGN_ENTITLEMENTS = macOS/macOS.entitlements;
				CODE_SIGN_STYLE = Automatic;
				COMBINE_HIDPI_IMAGES = YES;
				DEVELOPMENT_TEAM = 68PACZTRF4;
				ENABLE_HARDENED_RUNTIME = YES;
				ENABLE_PREVIEWS = YES;
				INFOPLIST_FILE = macOS/Info.plist;
				LD_RUNPATH_SEARCH_PATHS = (
					"$(inherited)",
					"@executable_path/../Frameworks",
				);
				MACOSX_DEPLOYMENT_TARGET = 11.0;
				PRODUCT_BUNDLE_IDENTIFIER = com.pokkinandpup.iOCR;
				PRODUCT_NAME = iOCR;
				SDKROOT = macosx;
				SWIFT_VERSION = 5.0;
			};
			name = Release;
		};
		F44D7E0125B0FEC600FF8379 /* Debug */ = {
			isa = XCBuildConfiguration;
			buildSettings = {
				ALWAYS_EMBED_SWIFT_STANDARD_LIBRARIES = YES;
				CODE_SIGN_STYLE = Automatic;
				DEVELOPMENT_TEAM = 68PACZTRF4;
				INFOPLIST_FILE = "Tests iOS/Info.plist";
				IPHONEOS_DEPLOYMENT_TARGET = 14.3;
				LD_RUNPATH_SEARCH_PATHS = (
					"$(inherited)",
					"@executable_path/Frameworks",
					"@loader_path/Frameworks",
				);
				PRODUCT_BUNDLE_IDENTIFIER = "com.pokkinandpup.Tests-iOS";
				PRODUCT_NAME = "$(TARGET_NAME)";
				SDKROOT = iphoneos;
				SWIFT_VERSION = 5.0;
				TARGETED_DEVICE_FAMILY = "1,2";
				TEST_TARGET_NAME = "iOCR (iOS)";
			};
			name = Debug;
		};
		F44D7E0225B0FEC600FF8379 /* Release */ = {
			isa = XCBuildConfiguration;
			buildSettings = {
				ALWAYS_EMBED_SWIFT_STANDARD_LIBRARIES = YES;
				CODE_SIGN_STYLE = Automatic;
				DEVELOPMENT_TEAM = 68PACZTRF4;
				INFOPLIST_FILE = "Tests iOS/Info.plist";
				IPHONEOS_DEPLOYMENT_TARGET = 14.3;
				LD_RUNPATH_SEARCH_PATHS = (
					"$(inherited)",
					"@executable_path/Frameworks",
					"@loader_path/Frameworks",
				);
				PRODUCT_BUNDLE_IDENTIFIER = "com.pokkinandpup.Tests-iOS";
				PRODUCT_NAME = "$(TARGET_NAME)";
				SDKROOT = iphoneos;
				SWIFT_VERSION = 5.0;
				TARGETED_DEVICE_FAMILY = "1,2";
				TEST_TARGET_NAME = "iOCR (iOS)";
				VALIDATE_PRODUCT = YES;
			};
			name = Release;
		};
		F44D7E0425B0FEC600FF8379 /* Debug */ = {
			isa = XCBuildConfiguration;
			buildSettings = {
				ALWAYS_EMBED_SWIFT_STANDARD_LIBRARIES = YES;
				CODE_SIGN_STYLE = Automatic;
				COMBINE_HIDPI_IMAGES = YES;
				DEVELOPMENT_TEAM = 68PACZTRF4;
				INFOPLIST_FILE = "Tests macOS/Info.plist";
				LD_RUNPATH_SEARCH_PATHS = (
					"$(inherited)",
					"@executable_path/../Frameworks",
					"@loader_path/../Frameworks",
				);
				MACOSX_DEPLOYMENT_TARGET = 11.1;
				PRODUCT_BUNDLE_IDENTIFIER = "com.pokkinandpup.Tests-macOS";
				PRODUCT_NAME = "$(TARGET_NAME)";
				SDKROOT = macosx;
				SWIFT_VERSION = 5.0;
				TEST_TARGET_NAME = "iOCR (macOS)";
			};
			name = Debug;
		};
		F44D7E0525B0FEC600FF8379 /* Release */ = {
			isa = XCBuildConfiguration;
			buildSettings = {
				ALWAYS_EMBED_SWIFT_STANDARD_LIBRARIES = YES;
				CODE_SIGN_STYLE = Automatic;
				COMBINE_HIDPI_IMAGES = YES;
				DEVELOPMENT_TEAM = 68PACZTRF4;
				INFOPLIST_FILE = "Tests macOS/Info.plist";
				LD_RUNPATH_SEARCH_PATHS = (
					"$(inherited)",
					"@executable_path/../Frameworks",
					"@loader_path/../Frameworks",
				);
				MACOSX_DEPLOYMENT_TARGET = 11.1;
				PRODUCT_BUNDLE_IDENTIFIER = "com.pokkinandpup.Tests-macOS";
				PRODUCT_NAME = "$(TARGET_NAME)";
				SDKROOT = macosx;
				SWIFT_VERSION = 5.0;
				TEST_TARGET_NAME = "iOCR (macOS)";
			};
			name = Release;
		};
/* End XCBuildConfiguration section */

/* Begin XCConfigurationList section */
		F44D7DC725B0FEC500FF8379 /* Build configuration list for PBXProject "iOCR" */ = {
			isa = XCConfigurationList;
			buildConfigurations = (
				F44D7DF825B0FEC600FF8379 /* Debug */,
				F44D7DF925B0FEC600FF8379 /* Release */,
			);
			defaultConfigurationIsVisible = 0;
			defaultConfigurationName = Release;
		};
		F44D7DFA25B0FEC600FF8379 /* Build configuration list for PBXNativeTarget "iOCR (iOS)" */ = {
			isa = XCConfigurationList;
			buildConfigurations = (
				F44D7DFB25B0FEC600FF8379 /* Debug */,
				F44D7DFC25B0FEC600FF8379 /* Release */,
			);
			defaultConfigurationIsVisible = 0;
			defaultConfigurationName = Release;
		};
		F44D7DFD25B0FEC600FF8379 /* Build configuration list for PBXNativeTarget "iOCR (macOS)" */ = {
			isa = XCConfigurationList;
			buildConfigurations = (
				F44D7DFE25B0FEC600FF8379 /* Debug */,
				F44D7DFF25B0FEC600FF8379 /* Release */,
			);
			defaultConfigurationIsVisible = 0;
			defaultConfigurationName = Release;
		};
		F44D7E0025B0FEC600FF8379 /* Build configuration list for PBXNativeTarget "Tests iOS" */ = {
			isa = XCConfigurationList;
			buildConfigurations = (
				F44D7E0125B0FEC600FF8379 /* Debug */,
				F44D7E0225B0FEC600FF8379 /* Release */,
			);
			defaultConfigurationIsVisible = 0;
			defaultConfigurationName = Release;
		};
		F44D7E0325B0FEC600FF8379 /* Build configuration list for PBXNativeTarget "Tests macOS" */ = {
			isa = XCConfigurationList;
			buildConfigurations = (
				F44D7E0425B0FEC600FF8379 /* Debug */,
				F44D7E0525B0FEC600FF8379 /* Release */,
			);
			defaultConfigurationIsVisible = 0;
			defaultConfigurationName = Release;
		};
/* End XCConfigurationList section */
	};
	rootObject = F44D7DC425B0FEC500FF8379 /* Project object */;
}
